// !$*UTF8*$!
{
	archiveVersion = 1;
	classes = {
	};
	objectVersion = 46;
	objects = {

/* Begin PBXBuildFile section */
		222BEFC318A130FF0056789F /* SearchDetailsViewController.m in Sources */ = {isa = PBXBuildFile; fileRef = 222BEFC118A130FF0056789F /* SearchDetailsViewController.m */; };
		222BEFC418A130FF0056789F /* SearchDetailsViewController.xib in Resources */ = {isa = PBXBuildFile; fileRef = 222BEFC218A130FF0056789F /* SearchDetailsViewController.xib */; };
		222BEFC918A131060056789F /* SearchViewController.m in Sources */ = {isa = PBXBuildFile; fileRef = 222BEFC718A131060056789F /* SearchViewController.m */; };
		222BEFCA18A131060056789F /* SearchViewController.xib in Resources */ = {isa = PBXBuildFile; fileRef = 222BEFC818A131060056789F /* SearchViewController.xib */; };
		222BEFCF18A1310E0056789F /* WeatherSearchBaseViewController.m in Sources */ = {isa = PBXBuildFile; fileRef = 222BEFCD18A1310E0056789F /* WeatherSearchBaseViewController.m */; };
		222BEFD018A1310E0056789F /* WeatherSearchBaseViewController.xib in Resources */ = {isa = PBXBuildFile; fileRef = 222BEFCE18A1310E0056789F /* WeatherSearchBaseViewController.xib */; };
		222BEFD418A131160056789F /* AppDelegate.m in Sources */ = {isa = PBXBuildFile; fileRef = 222BEFD318A131160056789F /* AppDelegate.m */; };
		222BF00718A149DE0056789F /* InfoPlist.strings in Resources */ = {isa = PBXBuildFile; fileRef = 222BEFD618A149DE0056789F /* InfoPlist.strings */; };
		222BF00818A149DE0056789F /* NSInvocation+OCMAdditions.m in Sources */ = {isa = PBXBuildFile; fileRef = 222BEFD918A149DE0056789F /* NSInvocation+OCMAdditions.m */; settings = {COMPILER_FLAGS = "-fno-objc-arc"; }; };
		222BF00918A149DE0056789F /* NSMethodSignature+OCMAdditions.m in Sources */ = {isa = PBXBuildFile; fileRef = 222BEFDB18A149DE0056789F /* NSMethodSignature+OCMAdditions.m */; settings = {COMPILER_FLAGS = "-fno-objc-arc"; }; };
		222BF00A18A149DE0056789F /* NSNotificationCenter+OCMAdditions.m in Sources */ = {isa = PBXBuildFile; fileRef = 222BEFDD18A149DE0056789F /* NSNotificationCenter+OCMAdditions.m */; settings = {COMPILER_FLAGS = "-fno-objc-arc"; }; };
		222BF00B18A149DE0056789F /* NSObject+OCMAdditions.m in Sources */ = {isa = PBXBuildFile; fileRef = 222BEFDF18A149DE0056789F /* NSObject+OCMAdditions.m */; settings = {COMPILER_FLAGS = "-fno-objc-arc"; }; };
		222BF00C18A149DE0056789F /* OCClassMockObject.m in Sources */ = {isa = PBXBuildFile; fileRef = 222BEFE118A149DE0056789F /* OCClassMockObject.m */; settings = {COMPILER_FLAGS = "-fno-objc-arc"; }; };
		222BF00D18A149DE0056789F /* OCMArg.m in Sources */ = {isa = PBXBuildFile; fileRef = 222BEFE318A149DE0056789F /* OCMArg.m */; settings = {COMPILER_FLAGS = "-fno-objc-arc"; }; };
		222BF00E18A149DE0056789F /* OCMBlockCaller.m in Sources */ = {isa = PBXBuildFile; fileRef = 222BEFE518A149DE0056789F /* OCMBlockCaller.m */; settings = {COMPILER_FLAGS = "-fno-objc-arc"; }; };
		222BF00F18A149DE0056789F /* OCMBoxedReturnValueProvider.m in Sources */ = {isa = PBXBuildFile; fileRef = 222BEFE718A149DE0056789F /* OCMBoxedReturnValueProvider.m */; settings = {COMPILER_FLAGS = "-fno-objc-arc"; }; };
		222BF01018A149DE0056789F /* OCMConstraint.m in Sources */ = {isa = PBXBuildFile; fileRef = 222BEFE918A149DE0056789F /* OCMConstraint.m */; settings = {COMPILER_FLAGS = "-fno-objc-arc"; }; };
		222BF01118A149DE0056789F /* OCMExceptionReturnValueProvider.m in Sources */ = {isa = PBXBuildFile; fileRef = 222BEFEB18A149DE0056789F /* OCMExceptionReturnValueProvider.m */; settings = {COMPILER_FLAGS = "-fno-objc-arc"; }; };
		222BF01218A149DE0056789F /* OCMIndirectReturnValueProvider.m in Sources */ = {isa = PBXBuildFile; fileRef = 222BEFED18A149DE0056789F /* OCMIndirectReturnValueProvider.m */; settings = {COMPILER_FLAGS = "-fno-objc-arc"; }; };
		222BF01318A149DE0056789F /* OCMNotificationPoster.m in Sources */ = {isa = PBXBuildFile; fileRef = 222BEFEF18A149DE0056789F /* OCMNotificationPoster.m */; settings = {COMPILER_FLAGS = "-fno-objc-arc"; }; };
		222BF01418A149DE0056789F /* OCMObserverRecorder.m in Sources */ = {isa = PBXBuildFile; fileRef = 222BEFF118A149DE0056789F /* OCMObserverRecorder.m */; settings = {COMPILER_FLAGS = "-fno-objc-arc"; }; };
		222BF01518A149DE0056789F /* OCMock-Info.plist in Resources */ = {isa = PBXBuildFile; fileRef = 222BEFF218A149DE0056789F /* OCMock-Info.plist */; };
		222BF01618A149DE0056789F /* OCMockObject.m in Sources */ = {isa = PBXBuildFile; fileRef = 222BEFF618A149DE0056789F /* OCMockObject.m */; settings = {COMPILER_FLAGS = "-fno-objc-arc"; }; };
		222BF01718A149DE0056789F /* OCMockRecorder.m in Sources */ = {isa = PBXBuildFile; fileRef = 222BEFF818A149DE0056789F /* OCMockRecorder.m */; settings = {COMPILER_FLAGS = "-fno-objc-arc"; }; };
		222BF01818A149DE0056789F /* OCMPassByRefSetter.m in Sources */ = {isa = PBXBuildFile; fileRef = 222BEFFA18A149DE0056789F /* OCMPassByRefSetter.m */; settings = {COMPILER_FLAGS = "-fno-objc-arc"; }; };
		222BF01918A149DE0056789F /* OCMRealObjectForwarder.m in Sources */ = {isa = PBXBuildFile; fileRef = 222BEFFC18A149DE0056789F /* OCMRealObjectForwarder.m */; settings = {COMPILER_FLAGS = "-fno-objc-arc"; }; };
		222BF01A18A149DE0056789F /* OCMReturnValueProvider.m in Sources */ = {isa = PBXBuildFile; fileRef = 222BEFFE18A149DE0056789F /* OCMReturnValueProvider.m */; settings = {COMPILER_FLAGS = "-fno-objc-arc"; }; };
		222BF01B18A149DE0056789F /* OCObserverMockObject.m in Sources */ = {isa = PBXBuildFile; fileRef = 222BF00018A149DE0056789F /* OCObserverMockObject.m */; settings = {COMPILER_FLAGS = "-fno-objc-arc"; }; };
		222BF01C18A149DE0056789F /* OCPartialMockObject.m in Sources */ = {isa = PBXBuildFile; fileRef = 222BF00218A149DE0056789F /* OCPartialMockObject.m */; settings = {COMPILER_FLAGS = "-fno-objc-arc"; }; };
		222BF01D18A149DE0056789F /* OCPartialMockRecorder.m in Sources */ = {isa = PBXBuildFile; fileRef = 222BF00418A149DE0056789F /* OCPartialMockRecorder.m */; settings = {COMPILER_FLAGS = "-fno-objc-arc"; }; };
		222BF01E18A149DE0056789F /* OCProtocolMockObject.m in Sources */ = {isa = PBXBuildFile; fileRef = 222BF00618A149DE0056789F /* OCProtocolMockObject.m */; settings = {COMPILER_FLAGS = "-fno-objc-arc"; }; };
		2250296618A0D7C300C6D368 /* Helper.m in Sources */ = {isa = PBXBuildFile; fileRef = 2250296518A0D7C300C6D368 /* Helper.m */; };
		2250296918A0DD6200C6D368 /* NSArray+Search.m in Sources */ = {isa = PBXBuildFile; fileRef = 2250296818A0DD6200C6D368 /* NSArray+Search.m */; };
		228E3FFE18A111C70043694B /* MKAnnotationView+WebCache.m in Sources */ = {isa = PBXBuildFile; fileRef = 228E3FE218A111C70043694B /* MKAnnotationView+WebCache.m */; };
		228E3FFF18A111C70043694B /* NSData+GIF.m in Sources */ = {isa = PBXBuildFile; fileRef = 228E3FE418A111C70043694B /* NSData+GIF.m */; };
		228E400018A111C70043694B /* SDImageCache.m in Sources */ = {isa = PBXBuildFile; fileRef = 228E3FE618A111C70043694B /* SDImageCache.m */; };
		228E400118A111C70043694B /* SDWebImageCompat.m in Sources */ = {isa = PBXBuildFile; fileRef = 228E3FE818A111C70043694B /* SDWebImageCompat.m */; };
		228E400218A111C70043694B /* SDWebImageDecoder.m in Sources */ = {isa = PBXBuildFile; fileRef = 228E3FEA18A111C70043694B /* SDWebImageDecoder.m */; };
		228E400318A111C70043694B /* SDWebImageDownloader.m in Sources */ = {isa = PBXBuildFile; fileRef = 228E3FEC18A111C70043694B /* SDWebImageDownloader.m */; };
		228E400418A111C70043694B /* SDWebImageDownloaderOperation.m in Sources */ = {isa = PBXBuildFile; fileRef = 228E3FEE18A111C70043694B /* SDWebImageDownloaderOperation.m */; };
		228E400518A111C70043694B /* SDWebImageManager.m in Sources */ = {isa = PBXBuildFile; fileRef = 228E3FF018A111C70043694B /* SDWebImageManager.m */; };
		228E400618A111C70043694B /* SDWebImagePrefetcher.m in Sources */ = {isa = PBXBuildFile; fileRef = 228E3FF318A111C70043694B /* SDWebImagePrefetcher.m */; };
		228E400718A111C70043694B /* UIButton+WebCache.m in Sources */ = {isa = PBXBuildFile; fileRef = 228E3FF518A111C70043694B /* UIButton+WebCache.m */; };
		228E400818A111C70043694B /* UIImage+GIF.m in Sources */ = {isa = PBXBuildFile; fileRef = 228E3FF718A111C70043694B /* UIImage+GIF.m */; };
		228E400918A111C70043694B /* UIImage+MultiFormat.m in Sources */ = {isa = PBXBuildFile; fileRef = 228E3FF918A111C70043694B /* UIImage+MultiFormat.m */; };
		228E400A18A111C70043694B /* UIImage+WebP.m in Sources */ = {isa = PBXBuildFile; fileRef = 228E3FFB18A111C70043694B /* UIImage+WebP.m */; };
		228E400B18A111C70043694B /* UIImageView+WebCache.m in Sources */ = {isa = PBXBuildFile; fileRef = 228E3FFD18A111C70043694B /* UIImageView+WebCache.m */; };
		228E401118A115770043694B /* DetailCell.m in Sources */ = {isa = PBXBuildFile; fileRef = 228E400F18A115770043694B /* DetailCell.m */; };
		228E401218A115770043694B /* DetailCell.xib in Resources */ = {isa = PBXBuildFile; fileRef = 228E401018A115770043694B /* DetailCell.xib */; };
		228E402218A125850043694B /* EGORefreshTableHeaderView.m in Sources */ = {isa = PBXBuildFile; fileRef = 228E401818A125850043694B /* EGORefreshTableHeaderView.m */; settings = {COMPILER_FLAGS = "-fno-objc-arc"; }; };
		228E402318A125850043694B /* blackArrow.png in Resources */ = {isa = PBXBuildFile; fileRef = 228E401A18A125850043694B /* blackArrow.png */; };
		228E402418A125850043694B /* blackArrow@2x.png in Resources */ = {isa = PBXBuildFile; fileRef = 228E401B18A125850043694B /* blackArrow@2x.png */; };
		228E402518A125850043694B /* blueArrow.png in Resources */ = {isa = PBXBuildFile; fileRef = 228E401C18A125850043694B /* blueArrow.png */; };
		228E402618A125850043694B /* blueArrow@2x.png in Resources */ = {isa = PBXBuildFile; fileRef = 228E401D18A125850043694B /* blueArrow@2x.png */; };
		228E402718A125850043694B /* grayArrow.png in Resources */ = {isa = PBXBuildFile; fileRef = 228E401E18A125850043694B /* grayArrow.png */; };
		228E402818A125850043694B /* grayArrow@2x.png in Resources */ = {isa = PBXBuildFile; fileRef = 228E401F18A125850043694B /* grayArrow@2x.png */; };
		228E402918A125850043694B /* whiteArrow.png in Resources */ = {isa = PBXBuildFile; fileRef = 228E402018A125850043694B /* whiteArrow.png */; };
		228E402A18A125850043694B /* whiteArrow@2x.png in Resources */ = {isa = PBXBuildFile; fileRef = 228E402118A125850043694B /* whiteArrow@2x.png */; };
		22DC2C1B18A0BE2B00F2A6DB /* Foundation.framework in Frameworks */ = {isa = PBXBuildFile; fileRef = 22DC2C1A18A0BE2B00F2A6DB /* Foundation.framework */; };
		22DC2C1D18A0BE2B00F2A6DB /* CoreGraphics.framework in Frameworks */ = {isa = PBXBuildFile; fileRef = 22DC2C1C18A0BE2B00F2A6DB /* CoreGraphics.framework */; };
		22DC2C1F18A0BE2B00F2A6DB /* UIKit.framework in Frameworks */ = {isa = PBXBuildFile; fileRef = 22DC2C1E18A0BE2B00F2A6DB /* UIKit.framework */; };
		22DC2C2518A0BE2B00F2A6DB /* InfoPlist.strings in Resources */ = {isa = PBXBuildFile; fileRef = 22DC2C2318A0BE2B00F2A6DB /* InfoPlist.strings */; };
		22DC2C2718A0BE2B00F2A6DB /* main.m in Sources */ = {isa = PBXBuildFile; fileRef = 22DC2C2618A0BE2B00F2A6DB /* main.m */; };
		22DC2C3418A0BE2B00F2A6DB /* XCTest.framework in Frameworks */ = {isa = PBXBuildFile; fileRef = 22DC2C3318A0BE2B00F2A6DB /* XCTest.framework */; };
		22DC2C3518A0BE2B00F2A6DB /* Foundation.framework in Frameworks */ = {isa = PBXBuildFile; fileRef = 22DC2C1A18A0BE2B00F2A6DB /* Foundation.framework */; };
		22DC2C3618A0BE2B00F2A6DB /* UIKit.framework in Frameworks */ = {isa = PBXBuildFile; fileRef = 22DC2C1E18A0BE2B00F2A6DB /* UIKit.framework */; };
		22DC2C3E18A0BE2B00F2A6DB /* InfoPlist.strings in Resources */ = {isa = PBXBuildFile; fileRef = 22DC2C3C18A0BE2B00F2A6DB /* InfoPlist.strings */; };
		22DC2C4018A0BE2B00F2A6DB /* CityWeatherTests.m in Sources */ = {isa = PBXBuildFile; fileRef = 22DC2C3F18A0BE2B00F2A6DB /* CityWeatherTests.m */; };
		22DC2D0018A0C3EF00F2A6DB /* PGWebServiceManager.m in Sources */ = {isa = PBXBuildFile; fileRef = 22DC2CFB18A0C3EF00F2A6DB /* PGWebServiceManager.m */; };
		22DC2D0118A0C3EF00F2A6DB /* PGWebServiceRequest.m in Sources */ = {isa = PBXBuildFile; fileRef = 22DC2CFD18A0C3EF00F2A6DB /* PGWebServiceRequest.m */; };
		22DC2D0218A0C3EF00F2A6DB /* PGWebServiceResponse.m in Sources */ = {isa = PBXBuildFile; fileRef = 22DC2CFF18A0C3EF00F2A6DB /* PGWebServiceResponse.m */; };
		22DC2D0618A0C57D00F2A6DB /* NSDictionary+JSON.m in Sources */ = {isa = PBXBuildFile; fileRef = 22DC2D0518A0C57D00F2A6DB /* NSDictionary+JSON.m */; };
		22DC2DEA18A0CAB600F2A6DB /* PGNetworkKit.m in Sources */ = {isa = PBXBuildFile; fileRef = 22DC2DC718A0CAB600F2A6DB /* PGNetworkKit.m */; };
		22DC2DFD18A0CAE800F2A6DB /* libPGNetworkKit.a in Frameworks */ = {isa = PBXBuildFile; fileRef = 22DC2DF818A0CAB600F2A6DB /* libPGNetworkKit.a */; };
/* End PBXBuildFile section */

/* Begin PBXContainerItemProxy section */
		22DC2C3718A0BE2B00F2A6DB /* PBXContainerItemProxy */ = {
			isa = PBXContainerItemProxy;
			containerPortal = 22DC2C0F18A0BE2B00F2A6DB /* Project object */;
			proxyType = 1;
			remoteGlobalIDString = 22DC2C1618A0BE2B00F2A6DB;
			remoteInfo = CityWeather;
		};
		22DC2DF718A0CAB600F2A6DB /* PBXContainerItemProxy */ = {
			isa = PBXContainerItemProxy;
			containerPortal = 22DC2DD918A0CAB600F2A6DB /* PGNetworkKit.xcodeproj */;
			proxyType = 2;
			remoteGlobalIDString = 22DC2C8D18A0C1A800F2A6DB;
			remoteInfo = PGNetworkKit;
		};
		22DC2DF918A0CAB600F2A6DB /* PBXContainerItemProxy */ = {
			isa = PBXContainerItemProxy;
			containerPortal = 22DC2DD918A0CAB600F2A6DB /* PGNetworkKit.xcodeproj */;
			proxyType = 2;
			remoteGlobalIDString = 22DC2C9D18A0C1A800F2A6DB;
			remoteInfo = PGNetworkKitTests;
		};
		22DC2DFB18A0CAE300F2A6DB /* PBXContainerItemProxy */ = {
			isa = PBXContainerItemProxy;
			containerPortal = 22DC2DD918A0CAB600F2A6DB /* PGNetworkKit.xcodeproj */;
			proxyType = 1;
			remoteGlobalIDString = 22DC2C8C18A0C1A800F2A6DB;
			remoteInfo = PGNetworkKit;
		};
/* End PBXContainerItemProxy section */

/* Begin PBXFileReference section */
		222BEFC018A130FF0056789F /* SearchDetailsViewController.h */ = {isa = PBXFileReference; fileEncoding = 4; lastKnownFileType = sourcecode.c.h; path = SearchDetailsViewController.h; sourceTree = "<group>"; };
		222BEFC118A130FF0056789F /* SearchDetailsViewController.m */ = {isa = PBXFileReference; fileEncoding = 4; lastKnownFileType = sourcecode.c.objc; path = SearchDetailsViewController.m; sourceTree = "<group>"; };
		222BEFC218A130FF0056789F /* SearchDetailsViewController.xib */ = {isa = PBXFileReference; fileEncoding = 4; lastKnownFileType = file.xib; path = SearchDetailsViewController.xib; sourceTree = "<group>"; };
		222BEFC618A131060056789F /* SearchViewController.h */ = {isa = PBXFileReference; fileEncoding = 4; lastKnownFileType = sourcecode.c.h; path = SearchViewController.h; sourceTree = "<group>"; };
		222BEFC718A131060056789F /* SearchViewController.m */ = {isa = PBXFileReference; fileEncoding = 4; lastKnownFileType = sourcecode.c.objc; path = SearchViewController.m; sourceTree = "<group>"; };
		222BEFC818A131060056789F /* SearchViewController.xib */ = {isa = PBXFileReference; fileEncoding = 4; lastKnownFileType = file.xib; path = SearchViewController.xib; sourceTree = "<group>"; };
		222BEFCC18A1310E0056789F /* WeatherSearchBaseViewController.h */ = {isa = PBXFileReference; fileEncoding = 4; lastKnownFileType = sourcecode.c.h; path = WeatherSearchBaseViewController.h; sourceTree = "<group>"; };
		222BEFCD18A1310E0056789F /* WeatherSearchBaseViewController.m */ = {isa = PBXFileReference; fileEncoding = 4; lastKnownFileType = sourcecode.c.objc; path = WeatherSearchBaseViewController.m; sourceTree = "<group>"; };
		222BEFCE18A1310E0056789F /* WeatherSearchBaseViewController.xib */ = {isa = PBXFileReference; fileEncoding = 4; lastKnownFileType = file.xib; path = WeatherSearchBaseViewController.xib; sourceTree = "<group>"; };
		222BEFD218A131160056789F /* AppDelegate.h */ = {isa = PBXFileReference; fileEncoding = 4; lastKnownFileType = sourcecode.c.h; path = AppDelegate.h; sourceTree = "<group>"; };
		222BEFD318A131160056789F /* AppDelegate.m */ = {isa = PBXFileReference; fileEncoding = 4; lastKnownFileType = sourcecode.c.objc; path = AppDelegate.m; sourceTree = "<group>"; };
		222BEFD718A149DE0056789F /* en */ = {isa = PBXFileReference; lastKnownFileType = text.plist.strings; name = en; path = en.lproj/InfoPlist.strings; sourceTree = "<group>"; };
		222BEFD818A149DE0056789F /* NSInvocation+OCMAdditions.h */ = {isa = PBXFileReference; fileEncoding = 4; lastKnownFileType = sourcecode.c.h; path = "NSInvocation+OCMAdditions.h"; sourceTree = "<group>"; };
		222BEFD918A149DE0056789F /* NSInvocation+OCMAdditions.m */ = {isa = PBXFileReference; fileEncoding = 4; lastKnownFileType = sourcecode.c.objc; path = "NSInvocation+OCMAdditions.m"; sourceTree = "<group>"; };
		222BEFDA18A149DE0056789F /* NSMethodSignature+OCMAdditions.h */ = {isa = PBXFileReference; fileEncoding = 4; lastKnownFileType = sourcecode.c.h; path = "NSMethodSignature+OCMAdditions.h"; sourceTree = "<group>"; };
		222BEFDB18A149DE0056789F /* NSMethodSignature+OCMAdditions.m */ = {isa = PBXFileReference; fileEncoding = 4; lastKnownFileType = sourcecode.c.objc; path = "NSMethodSignature+OCMAdditions.m"; sourceTree = "<group>"; };
		222BEFDC18A149DE0056789F /* NSNotificationCenter+OCMAdditions.h */ = {isa = PBXFileReference; fileEncoding = 4; lastKnownFileType = sourcecode.c.h; path = "NSNotificationCenter+OCMAdditions.h"; sourceTree = "<group>"; };
		222BEFDD18A149DE0056789F /* NSNotificationCenter+OCMAdditions.m */ = {isa = PBXFileReference; fileEncoding = 4; lastKnownFileType = sourcecode.c.objc; path = "NSNotificationCenter+OCMAdditions.m"; sourceTree = "<group>"; };
		222BEFDE18A149DE0056789F /* NSObject+OCMAdditions.h */ = {isa = PBXFileReference; fileEncoding = 4; lastKnownFileType = sourcecode.c.h; path = "NSObject+OCMAdditions.h"; sourceTree = "<group>"; };
		222BEFDF18A149DE0056789F /* NSObject+OCMAdditions.m */ = {isa = PBXFileReference; fileEncoding = 4; lastKnownFileType = sourcecode.c.objc; path = "NSObject+OCMAdditions.m"; sourceTree = "<group>"; };
		222BEFE018A149DE0056789F /* OCClassMockObject.h */ = {isa = PBXFileReference; fileEncoding = 4; lastKnownFileType = sourcecode.c.h; path = OCClassMockObject.h; sourceTree = "<group>"; };
		222BEFE118A149DE0056789F /* OCClassMockObject.m */ = {isa = PBXFileReference; fileEncoding = 4; lastKnownFileType = sourcecode.c.objc; path = OCClassMockObject.m; sourceTree = "<group>"; };
		222BEFE218A149DE0056789F /* OCMArg.h */ = {isa = PBXFileReference; fileEncoding = 4; lastKnownFileType = sourcecode.c.h; path = OCMArg.h; sourceTree = "<group>"; };
		222BEFE318A149DE0056789F /* OCMArg.m */ = {isa = PBXFileReference; fileEncoding = 4; lastKnownFileType = sourcecode.c.objc; path = OCMArg.m; sourceTree = "<group>"; };
		222BEFE418A149DE0056789F /* OCMBlockCaller.h */ = {isa = PBXFileReference; fileEncoding = 4; lastKnownFileType = sourcecode.c.h; path = OCMBlockCaller.h; sourceTree = "<group>"; };
		222BEFE518A149DE0056789F /* OCMBlockCaller.m */ = {isa = PBXFileReference; fileEncoding = 4; lastKnownFileType = sourcecode.c.objc; path = OCMBlockCaller.m; sourceTree = "<group>"; };
		222BEFE618A149DE0056789F /* OCMBoxedReturnValueProvider.h */ = {isa = PBXFileReference; fileEncoding = 4; lastKnownFileType = sourcecode.c.h; path = OCMBoxedReturnValueProvider.h; sourceTree = "<group>"; };
		222BEFE718A149DE0056789F /* OCMBoxedReturnValueProvider.m */ = {isa = PBXFileReference; fileEncoding = 4; lastKnownFileType = sourcecode.c.objc; path = OCMBoxedReturnValueProvider.m; sourceTree = "<group>"; };
		222BEFE818A149DE0056789F /* OCMConstraint.h */ = {isa = PBXFileReference; fileEncoding = 4; lastKnownFileType = sourcecode.c.h; path = OCMConstraint.h; sourceTree = "<group>"; };
		222BEFE918A149DE0056789F /* OCMConstraint.m */ = {isa = PBXFileReference; fileEncoding = 4; lastKnownFileType = sourcecode.c.objc; path = OCMConstraint.m; sourceTree = "<group>"; };
		222BEFEA18A149DE0056789F /* OCMExceptionReturnValueProvider.h */ = {isa = PBXFileReference; fileEncoding = 4; lastKnownFileType = sourcecode.c.h; path = OCMExceptionReturnValueProvider.h; sourceTree = "<group>"; };
		222BEFEB18A149DE0056789F /* OCMExceptionReturnValueProvider.m */ = {isa = PBXFileReference; fileEncoding = 4; lastKnownFileType = sourcecode.c.objc; path = OCMExceptionReturnValueProvider.m; sourceTree = "<group>"; };
		222BEFEC18A149DE0056789F /* OCMIndirectReturnValueProvider.h */ = {isa = PBXFileReference; fileEncoding = 4; lastKnownFileType = sourcecode.c.h; path = OCMIndirectReturnValueProvider.h; sourceTree = "<group>"; };
		222BEFED18A149DE0056789F /* OCMIndirectReturnValueProvider.m */ = {isa = PBXFileReference; fileEncoding = 4; lastKnownFileType = sourcecode.c.objc; path = OCMIndirectReturnValueProvider.m; sourceTree = "<group>"; };
		222BEFEE18A149DE0056789F /* OCMNotificationPoster.h */ = {isa = PBXFileReference; fileEncoding = 4; lastKnownFileType = sourcecode.c.h; path = OCMNotificationPoster.h; sourceTree = "<group>"; };
		222BEFEF18A149DE0056789F /* OCMNotificationPoster.m */ = {isa = PBXFileReference; fileEncoding = 4; lastKnownFileType = sourcecode.c.objc; path = OCMNotificationPoster.m; sourceTree = "<group>"; };
		222BEFF018A149DE0056789F /* OCMObserverRecorder.h */ = {isa = PBXFileReference; fileEncoding = 4; lastKnownFileType = sourcecode.c.h; path = OCMObserverRecorder.h; sourceTree = "<group>"; };
		222BEFF118A149DE0056789F /* OCMObserverRecorder.m */ = {isa = PBXFileReference; fileEncoding = 4; lastKnownFileType = sourcecode.c.objc; path = OCMObserverRecorder.m; sourceTree = "<group>"; };
		222BEFF218A149DE0056789F /* OCMock-Info.plist */ = {isa = PBXFileReference; fileEncoding = 4; lastKnownFileType = text.plist.xml; path = "OCMock-Info.plist"; sourceTree = "<group>"; };
		222BEFF318A149DE0056789F /* OCMock-Prefix.pch */ = {isa = PBXFileReference; fileEncoding = 4; lastKnownFileType = sourcecode.c.h; path = "OCMock-Prefix.pch"; sourceTree = "<group>"; };
		222BEFF418A149DE0056789F /* OCMock.h */ = {isa = PBXFileReference; fileEncoding = 4; lastKnownFileType = sourcecode.c.h; path = OCMock.h; sourceTree = "<group>"; };
		222BEFF518A149DE0056789F /* OCMockObject.h */ = {isa = PBXFileReference; fileEncoding = 4; lastKnownFileType = sourcecode.c.h; path = OCMockObject.h; sourceTree = "<group>"; };
		222BEFF618A149DE0056789F /* OCMockObject.m */ = {isa = PBXFileReference; fileEncoding = 4; lastKnownFileType = sourcecode.c.objc; path = OCMockObject.m; sourceTree = "<group>"; };
		222BEFF718A149DE0056789F /* OCMockRecorder.h */ = {isa = PBXFileReference; fileEncoding = 4; lastKnownFileType = sourcecode.c.h; path = OCMockRecorder.h; sourceTree = "<group>"; };
		222BEFF818A149DE0056789F /* OCMockRecorder.m */ = {isa = PBXFileReference; fileEncoding = 4; lastKnownFileType = sourcecode.c.objc; path = OCMockRecorder.m; sourceTree = "<group>"; };
		222BEFF918A149DE0056789F /* OCMPassByRefSetter.h */ = {isa = PBXFileReference; fileEncoding = 4; lastKnownFileType = sourcecode.c.h; path = OCMPassByRefSetter.h; sourceTree = "<group>"; };
		222BEFFA18A149DE0056789F /* OCMPassByRefSetter.m */ = {isa = PBXFileReference; fileEncoding = 4; lastKnownFileType = sourcecode.c.objc; path = OCMPassByRefSetter.m; sourceTree = "<group>"; };
		222BEFFB18A149DE0056789F /* OCMRealObjectForwarder.h */ = {isa = PBXFileReference; fileEncoding = 4; lastKnownFileType = sourcecode.c.h; path = OCMRealObjectForwarder.h; sourceTree = "<group>"; };
		222BEFFC18A149DE0056789F /* OCMRealObjectForwarder.m */ = {isa = PBXFileReference; fileEncoding = 4; lastKnownFileType = sourcecode.c.objc; path = OCMRealObjectForwarder.m; sourceTree = "<group>"; };
		222BEFFD18A149DE0056789F /* OCMReturnValueProvider.h */ = {isa = PBXFileReference; fileEncoding = 4; lastKnownFileType = sourcecode.c.h; path = OCMReturnValueProvider.h; sourceTree = "<group>"; };
		222BEFFE18A149DE0056789F /* OCMReturnValueProvider.m */ = {isa = PBXFileReference; fileEncoding = 4; lastKnownFileType = sourcecode.c.objc; path = OCMReturnValueProvider.m; sourceTree = "<group>"; };
		222BEFFF18A149DE0056789F /* OCObserverMockObject.h */ = {isa = PBXFileReference; fileEncoding = 4; lastKnownFileType = sourcecode.c.h; path = OCObserverMockObject.h; sourceTree = "<group>"; };
		222BF00018A149DE0056789F /* OCObserverMockObject.m */ = {isa = PBXFileReference; fileEncoding = 4; lastKnownFileType = sourcecode.c.objc; path = OCObserverMockObject.m; sourceTree = "<group>"; };
		222BF00118A149DE0056789F /* OCPartialMockObject.h */ = {isa = PBXFileReference; fileEncoding = 4; lastKnownFileType = sourcecode.c.h; path = OCPartialMockObject.h; sourceTree = "<group>"; };
		222BF00218A149DE0056789F /* OCPartialMockObject.m */ = {isa = PBXFileReference; fileEncoding = 4; lastKnownFileType = sourcecode.c.objc; path = OCPartialMockObject.m; sourceTree = "<group>"; };
		222BF00318A149DE0056789F /* OCPartialMockRecorder.h */ = {isa = PBXFileReference; fileEncoding = 4; lastKnownFileType = sourcecode.c.h; path = OCPartialMockRecorder.h; sourceTree = "<group>"; };
		222BF00418A149DE0056789F /* OCPartialMockRecorder.m */ = {isa = PBXFileReference; fileEncoding = 4; lastKnownFileType = sourcecode.c.objc; path = OCPartialMockRecorder.m; sourceTree = "<group>"; };
		222BF00518A149DE0056789F /* OCProtocolMockObject.h */ = {isa = PBXFileReference; fileEncoding = 4; lastKnownFileType = sourcecode.c.h; path = OCProtocolMockObject.h; sourceTree = "<group>"; };
		222BF00618A149DE0056789F /* OCProtocolMockObject.m */ = {isa = PBXFileReference; fileEncoding = 4; lastKnownFileType = sourcecode.c.objc; path = OCProtocolMockObject.m; sourceTree = "<group>"; };
		2250296418A0D7C300C6D368 /* Helper.h */ = {isa = PBXFileReference; fileEncoding = 4; lastKnownFileType = sourcecode.c.h; path = Helper.h; sourceTree = "<group>"; };
		2250296518A0D7C300C6D368 /* Helper.m */ = {isa = PBXFileReference; fileEncoding = 4; lastKnownFileType = sourcecode.c.objc; path = Helper.m; sourceTree = "<group>"; };
		2250296718A0DD6200C6D368 /* NSArray+Search.h */ = {isa = PBXFileReference; fileEncoding = 4; lastKnownFileType = sourcecode.c.h; path = "NSArray+Search.h"; sourceTree = "<group>"; };
		2250296818A0DD6200C6D368 /* NSArray+Search.m */ = {isa = PBXFileReference; fileEncoding = 4; lastKnownFileType = sourcecode.c.objc; path = "NSArray+Search.m"; sourceTree = "<group>"; };
		228E3FDB18A105720043694B /* constant.h */ = {isa = PBXFileReference; lastKnownFileType = sourcecode.c.h; path = constant.h; sourceTree = "<group>"; };
		228E3FE118A111C70043694B /* MKAnnotationView+WebCache.h */ = {isa = PBXFileReference; fileEncoding = 4; lastKnownFileType = sourcecode.c.h; path = "MKAnnotationView+WebCache.h"; sourceTree = "<group>"; };
		228E3FE218A111C70043694B /* MKAnnotationView+WebCache.m */ = {isa = PBXFileReference; fileEncoding = 4; lastKnownFileType = sourcecode.c.objc; path = "MKAnnotationView+WebCache.m"; sourceTree = "<group>"; };
		228E3FE318A111C70043694B /* NSData+GIF.h */ = {isa = PBXFileReference; fileEncoding = 4; lastKnownFileType = sourcecode.c.h; path = "NSData+GIF.h"; sourceTree = "<group>"; };
		228E3FE418A111C70043694B /* NSData+GIF.m */ = {isa = PBXFileReference; fileEncoding = 4; lastKnownFileType = sourcecode.c.objc; path = "NSData+GIF.m"; sourceTree = "<group>"; };
		228E3FE518A111C70043694B /* SDImageCache.h */ = {isa = PBXFileReference; fileEncoding = 4; lastKnownFileType = sourcecode.c.h; path = SDImageCache.h; sourceTree = "<group>"; };
		228E3FE618A111C70043694B /* SDImageCache.m */ = {isa = PBXFileReference; fileEncoding = 4; lastKnownFileType = sourcecode.c.objc; path = SDImageCache.m; sourceTree = "<group>"; };
		228E3FE718A111C70043694B /* SDWebImageCompat.h */ = {isa = PBXFileReference; fileEncoding = 4; lastKnownFileType = sourcecode.c.h; path = SDWebImageCompat.h; sourceTree = "<group>"; };
		228E3FE818A111C70043694B /* SDWebImageCompat.m */ = {isa = PBXFileReference; fileEncoding = 4; lastKnownFileType = sourcecode.c.objc; path = SDWebImageCompat.m; sourceTree = "<group>"; };
		228E3FE918A111C70043694B /* SDWebImageDecoder.h */ = {isa = PBXFileReference; fileEncoding = 4; lastKnownFileType = sourcecode.c.h; path = SDWebImageDecoder.h; sourceTree = "<group>"; };
		228E3FEA18A111C70043694B /* SDWebImageDecoder.m */ = {isa = PBXFileReference; fileEncoding = 4; lastKnownFileType = sourcecode.c.objc; path = SDWebImageDecoder.m; sourceTree = "<group>"; };
		228E3FEB18A111C70043694B /* SDWebImageDownloader.h */ = {isa = PBXFileReference; fileEncoding = 4; lastKnownFileType = sourcecode.c.h; path = SDWebImageDownloader.h; sourceTree = "<group>"; };
		228E3FEC18A111C70043694B /* SDWebImageDownloader.m */ = {isa = PBXFileReference; fileEncoding = 4; lastKnownFileType = sourcecode.c.objc; path = SDWebImageDownloader.m; sourceTree = "<group>"; };
		228E3FED18A111C70043694B /* SDWebImageDownloaderOperation.h */ = {isa = PBXFileReference; fileEncoding = 4; lastKnownFileType = sourcecode.c.h; path = SDWebImageDownloaderOperation.h; sourceTree = "<group>"; };
		228E3FEE18A111C70043694B /* SDWebImageDownloaderOperation.m */ = {isa = PBXFileReference; fileEncoding = 4; lastKnownFileType = sourcecode.c.objc; path = SDWebImageDownloaderOperation.m; sourceTree = "<group>"; };
		228E3FEF18A111C70043694B /* SDWebImageManager.h */ = {isa = PBXFileReference; fileEncoding = 4; lastKnownFileType = sourcecode.c.h; path = SDWebImageManager.h; sourceTree = "<group>"; };
		228E3FF018A111C70043694B /* SDWebImageManager.m */ = {isa = PBXFileReference; fileEncoding = 4; lastKnownFileType = sourcecode.c.objc; path = SDWebImageManager.m; sourceTree = "<group>"; };
		228E3FF118A111C70043694B /* SDWebImageOperation.h */ = {isa = PBXFileReference; fileEncoding = 4; lastKnownFileType = sourcecode.c.h; path = SDWebImageOperation.h; sourceTree = "<group>"; };
		228E3FF218A111C70043694B /* SDWebImagePrefetcher.h */ = {isa = PBXFileReference; fileEncoding = 4; lastKnownFileType = sourcecode.c.h; path = SDWebImagePrefetcher.h; sourceTree = "<group>"; };
		228E3FF318A111C70043694B /* SDWebImagePrefetcher.m */ = {isa = PBXFileReference; fileEncoding = 4; lastKnownFileType = sourcecode.c.objc; path = SDWebImagePrefetcher.m; sourceTree = "<group>"; };
		228E3FF418A111C70043694B /* UIButton+WebCache.h */ = {isa = PBXFileReference; fileEncoding = 4; lastKnownFileType = sourcecode.c.h; path = "UIButton+WebCache.h"; sourceTree = "<group>"; };
		228E3FF518A111C70043694B /* UIButton+WebCache.m */ = {isa = PBXFileReference; fileEncoding = 4; lastKnownFileType = sourcecode.c.objc; path = "UIButton+WebCache.m"; sourceTree = "<group>"; };
		228E3FF618A111C70043694B /* UIImage+GIF.h */ = {isa = PBXFileReference; fileEncoding = 4; lastKnownFileType = sourcecode.c.h; path = "UIImage+GIF.h"; sourceTree = "<group>"; };
		228E3FF718A111C70043694B /* UIImage+GIF.m */ = {isa = PBXFileReference; fileEncoding = 4; lastKnownFileType = sourcecode.c.objc; path = "UIImage+GIF.m"; sourceTree = "<group>"; };
		228E3FF818A111C70043694B /* UIImage+MultiFormat.h */ = {isa = PBXFileReference; fileEncoding = 4; lastKnownFileType = sourcecode.c.h; path = "UIImage+MultiFormat.h"; sourceTree = "<group>"; };
		228E3FF918A111C70043694B /* UIImage+MultiFormat.m */ = {isa = PBXFileReference; fileEncoding = 4; lastKnownFileType = sourcecode.c.objc; path = "UIImage+MultiFormat.m"; sourceTree = "<group>"; };
		228E3FFA18A111C70043694B /* UIImage+WebP.h */ = {isa = PBXFileReference; fileEncoding = 4; lastKnownFileType = sourcecode.c.h; path = "UIImage+WebP.h"; sourceTree = "<group>"; };
		228E3FFB18A111C70043694B /* UIImage+WebP.m */ = {isa = PBXFileReference; fileEncoding = 4; lastKnownFileType = sourcecode.c.objc; path = "UIImage+WebP.m"; sourceTree = "<group>"; };
		228E3FFC18A111C70043694B /* UIImageView+WebCache.h */ = {isa = PBXFileReference; fileEncoding = 4; lastKnownFileType = sourcecode.c.h; path = "UIImageView+WebCache.h"; sourceTree = "<group>"; };
		228E3FFD18A111C70043694B /* UIImageView+WebCache.m */ = {isa = PBXFileReference; fileEncoding = 4; lastKnownFileType = sourcecode.c.objc; path = "UIImageView+WebCache.m"; sourceTree = "<group>"; };
		228E400E18A115770043694B /* DetailCell.h */ = {isa = PBXFileReference; fileEncoding = 4; lastKnownFileType = sourcecode.c.h; path = DetailCell.h; sourceTree = "<group>"; };
		228E400F18A115770043694B /* DetailCell.m */ = {isa = PBXFileReference; fileEncoding = 4; lastKnownFileType = sourcecode.c.objc; path = DetailCell.m; sourceTree = "<group>"; };
		228E401018A115770043694B /* DetailCell.xib */ = {isa = PBXFileReference; fileEncoding = 4; lastKnownFileType = file.xib; path = DetailCell.xib; sourceTree = "<group>"; };
		228E401718A125850043694B /* EGORefreshTableHeaderView.h */ = {isa = PBXFileReference; fileEncoding = 4; lastKnownFileType = sourcecode.c.h; path = EGORefreshTableHeaderView.h; sourceTree = "<group>"; };
		228E401818A125850043694B /* EGORefreshTableHeaderView.m */ = {isa = PBXFileReference; fileEncoding = 4; lastKnownFileType = sourcecode.c.objc; path = EGORefreshTableHeaderView.m; sourceTree = "<group>"; };
		228E401A18A125850043694B /* blackArrow.png */ = {isa = PBXFileReference; lastKnownFileType = image.png; path = blackArrow.png; sourceTree = "<group>"; };
		228E401B18A125850043694B /* blackArrow@2x.png */ = {isa = PBXFileReference; lastKnownFileType = image.png; path = "blackArrow@2x.png"; sourceTree = "<group>"; };
		228E401C18A125850043694B /* blueArrow.png */ = {isa = PBXFileReference; lastKnownFileType = image.png; path = blueArrow.png; sourceTree = "<group>"; };
		228E401D18A125850043694B /* blueArrow@2x.png */ = {isa = PBXFileReference; lastKnownFileType = image.png; path = "blueArrow@2x.png"; sourceTree = "<group>"; };
		228E401E18A125850043694B /* grayArrow.png */ = {isa = PBXFileReference; lastKnownFileType = image.png; path = grayArrow.png; sourceTree = "<group>"; };
		228E401F18A125850043694B /* grayArrow@2x.png */ = {isa = PBXFileReference; lastKnownFileType = image.png; path = "grayArrow@2x.png"; sourceTree = "<group>"; };
		228E402018A125850043694B /* whiteArrow.png */ = {isa = PBXFileReference; lastKnownFileType = image.png; path = whiteArrow.png; sourceTree = "<group>"; };
		228E402118A125850043694B /* whiteArrow@2x.png */ = {isa = PBXFileReference; lastKnownFileType = image.png; path = "whiteArrow@2x.png"; sourceTree = "<group>"; };
		22DC2C1718A0BE2B00F2A6DB /* CityWeather.app */ = {isa = PBXFileReference; explicitFileType = wrapper.application; includeInIndex = 0; path = CityWeather.app; sourceTree = BUILT_PRODUCTS_DIR; };
		22DC2C1A18A0BE2B00F2A6DB /* Foundation.framework */ = {isa = PBXFileReference; lastKnownFileType = wrapper.framework; name = Foundation.framework; path = System/Library/Frameworks/Foundation.framework; sourceTree = SDKROOT; };
		22DC2C1C18A0BE2B00F2A6DB /* CoreGraphics.framework */ = {isa = PBXFileReference; lastKnownFileType = wrapper.framework; name = CoreGraphics.framework; path = System/Library/Frameworks/CoreGraphics.framework; sourceTree = SDKROOT; };
		22DC2C1E18A0BE2B00F2A6DB /* UIKit.framework */ = {isa = PBXFileReference; lastKnownFileType = wrapper.framework; name = UIKit.framework; path = System/Library/Frameworks/UIKit.framework; sourceTree = SDKROOT; };
		22DC2C2218A0BE2B00F2A6DB /* CityWeather-Info.plist */ = {isa = PBXFileReference; lastKnownFileType = text.plist.xml; path = "CityWeather-Info.plist"; sourceTree = "<group>"; };
		22DC2C2418A0BE2B00F2A6DB /* en */ = {isa = PBXFileReference; lastKnownFileType = text.plist.strings; name = en; path = en.lproj/InfoPlist.strings; sourceTree = "<group>"; };
		22DC2C2618A0BE2B00F2A6DB /* main.m */ = {isa = PBXFileReference; lastKnownFileType = sourcecode.c.objc; path = main.m; sourceTree = "<group>"; };
		22DC2C2818A0BE2B00F2A6DB /* CityWeather-Prefix.pch */ = {isa = PBXFileReference; lastKnownFileType = sourcecode.c.h; path = "CityWeather-Prefix.pch"; sourceTree = "<group>"; };
		22DC2C3218A0BE2B00F2A6DB /* CityWeatherTests.xctest */ = {isa = PBXFileReference; explicitFileType = wrapper.cfbundle; includeInIndex = 0; path = CityWeatherTests.xctest; sourceTree = BUILT_PRODUCTS_DIR; };
		22DC2C3318A0BE2B00F2A6DB /* XCTest.framework */ = {isa = PBXFileReference; lastKnownFileType = wrapper.framework; name = XCTest.framework; path = Library/Frameworks/XCTest.framework; sourceTree = DEVELOPER_DIR; };
		22DC2C3B18A0BE2B00F2A6DB /* CityWeatherTests-Info.plist */ = {isa = PBXFileReference; lastKnownFileType = text.plist.xml; path = "CityWeatherTests-Info.plist"; sourceTree = "<group>"; };
		22DC2C3D18A0BE2B00F2A6DB /* en */ = {isa = PBXFileReference; lastKnownFileType = text.plist.strings; name = en; path = en.lproj/InfoPlist.strings; sourceTree = "<group>"; };
		22DC2C3F18A0BE2B00F2A6DB /* CityWeatherTests.m */ = {isa = PBXFileReference; lastKnownFileType = sourcecode.c.objc; path = CityWeatherTests.m; sourceTree = "<group>"; };
		22DC2CF918A0C3EF00F2A6DB /* PGWebServiceInterface.h */ = {isa = PBXFileReference; fileEncoding = 4; lastKnownFileType = sourcecode.c.h; path = PGWebServiceInterface.h; sourceTree = "<group>"; };
		22DC2CFA18A0C3EF00F2A6DB /* PGWebServiceManager.h */ = {isa = PBXFileReference; fileEncoding = 4; lastKnownFileType = sourcecode.c.h; path = PGWebServiceManager.h; sourceTree = "<group>"; };
		22DC2CFB18A0C3EF00F2A6DB /* PGWebServiceManager.m */ = {isa = PBXFileReference; fileEncoding = 4; lastKnownFileType = sourcecode.c.objc; path = PGWebServiceManager.m; sourceTree = "<group>"; };
		22DC2CFC18A0C3EF00F2A6DB /* PGWebServiceRequest.h */ = {isa = PBXFileReference; fileEncoding = 4; lastKnownFileType = sourcecode.c.h; path = PGWebServiceRequest.h; sourceTree = "<group>"; };
		22DC2CFD18A0C3EF00F2A6DB /* PGWebServiceRequest.m */ = {isa = PBXFileReference; fileEncoding = 4; lastKnownFileType = sourcecode.c.objc; path = PGWebServiceRequest.m; sourceTree = "<group>"; };
		22DC2CFE18A0C3EF00F2A6DB /* PGWebServiceResponse.h */ = {isa = PBXFileReference; fileEncoding = 4; lastKnownFileType = sourcecode.c.h; path = PGWebServiceResponse.h; sourceTree = "<group>"; };
		22DC2CFF18A0C3EF00F2A6DB /* PGWebServiceResponse.m */ = {isa = PBXFileReference; fileEncoding = 4; lastKnownFileType = sourcecode.c.objc; path = PGWebServiceResponse.m; sourceTree = "<group>"; };
		22DC2D0418A0C57D00F2A6DB /* NSDictionary+JSON.h */ = {isa = PBXFileReference; fileEncoding = 4; lastKnownFileType = sourcecode.c.h; path = "NSDictionary+JSON.h"; sourceTree = "<group>"; };
		22DC2D0518A0C57D00F2A6DB /* NSDictionary+JSON.m */ = {isa = PBXFileReference; fileEncoding = 4; lastKnownFileType = sourcecode.c.objc; path = "NSDictionary+JSON.m"; sourceTree = "<group>"; };
		22DC2DB218A0CAB600F2A6DB /* AFHTTPRequestOperation.h */ = {isa = PBXFileReference; fileEncoding = 4; lastKnownFileType = sourcecode.c.h; path = AFHTTPRequestOperation.h; sourceTree = "<group>"; };
		22DC2DB318A0CAB600F2A6DB /* AFHTTPRequestOperation.m */ = {isa = PBXFileReference; fileEncoding = 4; lastKnownFileType = sourcecode.c.objc; path = AFHTTPRequestOperation.m; sourceTree = "<group>"; };
		22DC2DB418A0CAB600F2A6DB /* AFHTTPRequestOperationManager.h */ = {isa = PBXFileReference; fileEncoding = 4; lastKnownFileType = sourcecode.c.h; path = AFHTTPRequestOperationManager.h; sourceTree = "<group>"; };
		22DC2DB518A0CAB600F2A6DB /* AFHTTPRequestOperationManager.m */ = {isa = PBXFileReference; fileEncoding = 4; lastKnownFileType = sourcecode.c.objc; path = AFHTTPRequestOperationManager.m; sourceTree = "<group>"; };
		22DC2DB618A0CAB600F2A6DB /* AFHTTPSessionManager.h */ = {isa = PBXFileReference; fileEncoding = 4; lastKnownFileType = sourcecode.c.h; path = AFHTTPSessionManager.h; sourceTree = "<group>"; };
		22DC2DB718A0CAB600F2A6DB /* AFHTTPSessionManager.m */ = {isa = PBXFileReference; fileEncoding = 4; lastKnownFileType = sourcecode.c.objc; path = AFHTTPSessionManager.m; sourceTree = "<group>"; };
		22DC2DB818A0CAB600F2A6DB /* AFNetworking.h */ = {isa = PBXFileReference; fileEncoding = 4; lastKnownFileType = sourcecode.c.h; path = AFNetworking.h; sourceTree = "<group>"; };
		22DC2DB918A0CAB600F2A6DB /* AFNetworkReachabilityManager.h */ = {isa = PBXFileReference; fileEncoding = 4; lastKnownFileType = sourcecode.c.h; path = AFNetworkReachabilityManager.h; sourceTree = "<group>"; };
		22DC2DBA18A0CAB600F2A6DB /* AFNetworkReachabilityManager.m */ = {isa = PBXFileReference; fileEncoding = 4; lastKnownFileType = sourcecode.c.objc; path = AFNetworkReachabilityManager.m; sourceTree = "<group>"; };
		22DC2DBB18A0CAB600F2A6DB /* AFSecurityPolicy.h */ = {isa = PBXFileReference; fileEncoding = 4; lastKnownFileType = sourcecode.c.h; path = AFSecurityPolicy.h; sourceTree = "<group>"; };
		22DC2DBC18A0CAB600F2A6DB /* AFSecurityPolicy.m */ = {isa = PBXFileReference; fileEncoding = 4; lastKnownFileType = sourcecode.c.objc; path = AFSecurityPolicy.m; sourceTree = "<group>"; };
		22DC2DBD18A0CAB600F2A6DB /* AFURLConnectionOperation.h */ = {isa = PBXFileReference; fileEncoding = 4; lastKnownFileType = sourcecode.c.h; path = AFURLConnectionOperation.h; sourceTree = "<group>"; };
		22DC2DBE18A0CAB600F2A6DB /* AFURLConnectionOperation.m */ = {isa = PBXFileReference; fileEncoding = 4; lastKnownFileType = sourcecode.c.objc; path = AFURLConnectionOperation.m; sourceTree = "<group>"; };
		22DC2DBF18A0CAB600F2A6DB /* AFURLRequestSerialization.h */ = {isa = PBXFileReference; fileEncoding = 4; lastKnownFileType = sourcecode.c.h; path = AFURLRequestSerialization.h; sourceTree = "<group>"; };
		22DC2DC018A0CAB600F2A6DB /* AFURLRequestSerialization.m */ = {isa = PBXFileReference; fileEncoding = 4; lastKnownFileType = sourcecode.c.objc; path = AFURLRequestSerialization.m; sourceTree = "<group>"; };
		22DC2DC118A0CAB600F2A6DB /* AFURLResponseSerialization.h */ = {isa = PBXFileReference; fileEncoding = 4; lastKnownFileType = sourcecode.c.h; path = AFURLResponseSerialization.h; sourceTree = "<group>"; };
		22DC2DC218A0CAB600F2A6DB /* AFURLResponseSerialization.m */ = {isa = PBXFileReference; fileEncoding = 4; lastKnownFileType = sourcecode.c.objc; path = AFURLResponseSerialization.m; sourceTree = "<group>"; };
		22DC2DC318A0CAB600F2A6DB /* AFURLSessionManager.h */ = {isa = PBXFileReference; fileEncoding = 4; lastKnownFileType = sourcecode.c.h; path = AFURLSessionManager.h; sourceTree = "<group>"; };
		22DC2DC418A0CAB600F2A6DB /* AFURLSessionManager.m */ = {isa = PBXFileReference; fileEncoding = 4; lastKnownFileType = sourcecode.c.objc; path = AFURLSessionManager.m; sourceTree = "<group>"; };
		22DC2DC518A0CAB600F2A6DB /* PGNetworkKit-Prefix.pch */ = {isa = PBXFileReference; fileEncoding = 4; lastKnownFileType = sourcecode.c.h; path = "PGNetworkKit-Prefix.pch"; sourceTree = "<group>"; };
		22DC2DC618A0CAB600F2A6DB /* PGNetworkKit.h */ = {isa = PBXFileReference; fileEncoding = 4; lastKnownFileType = sourcecode.c.h; path = PGNetworkKit.h; sourceTree = "<group>"; };
		22DC2DC718A0CAB600F2A6DB /* PGNetworkKit.m */ = {isa = PBXFileReference; fileEncoding = 4; lastKnownFileType = sourcecode.c.objc; path = PGNetworkKit.m; sourceTree = "<group>"; };
		22DC2DC818A0CAB600F2A6DB /* PGNetworkKitConstant.h */ = {isa = PBXFileReference; fileEncoding = 4; lastKnownFileType = sourcecode.c.h; path = PGNetworkKitConstant.h; sourceTree = "<group>"; };
		22DC2DCA18A0CAB600F2A6DB /* AFNetworkActivityIndicatorManager.h */ = {isa = PBXFileReference; fileEncoding = 4; lastKnownFileType = sourcecode.c.h; path = AFNetworkActivityIndicatorManager.h; sourceTree = "<group>"; };
		22DC2DCB18A0CAB600F2A6DB /* AFNetworkActivityIndicatorManager.m */ = {isa = PBXFileReference; fileEncoding = 4; lastKnownFileType = sourcecode.c.objc; path = AFNetworkActivityIndicatorManager.m; sourceTree = "<group>"; };
		22DC2DCC18A0CAB600F2A6DB /* UIActivityIndicatorView+AFNetworking.h */ = {isa = PBXFileReference; fileEncoding = 4; lastKnownFileType = sourcecode.c.h; path = "UIActivityIndicatorView+AFNetworking.h"; sourceTree = "<group>"; };
		22DC2DCD18A0CAB600F2A6DB /* UIActivityIndicatorView+AFNetworking.m */ = {isa = PBXFileReference; fileEncoding = 4; lastKnownFileType = sourcecode.c.objc; path = "UIActivityIndicatorView+AFNetworking.m"; sourceTree = "<group>"; };
		22DC2DCE18A0CAB600F2A6DB /* UIAlertView+AFNetworking.h */ = {isa = PBXFileReference; fileEncoding = 4; lastKnownFileType = sourcecode.c.h; path = "UIAlertView+AFNetworking.h"; sourceTree = "<group>"; };
		22DC2DCF18A0CAB600F2A6DB /* UIAlertView+AFNetworking.m */ = {isa = PBXFileReference; fileEncoding = 4; lastKnownFileType = sourcecode.c.objc; path = "UIAlertView+AFNetworking.m"; sourceTree = "<group>"; };
		22DC2DD018A0CAB600F2A6DB /* UIButton+AFNetworking.h */ = {isa = PBXFileReference; fileEncoding = 4; lastKnownFileType = sourcecode.c.h; path = "UIButton+AFNetworking.h"; sourceTree = "<group>"; };
		22DC2DD118A0CAB600F2A6DB /* UIButton+AFNetworking.m */ = {isa = PBXFileReference; fileEncoding = 4; lastKnownFileType = sourcecode.c.objc; path = "UIButton+AFNetworking.m"; sourceTree = "<group>"; };
		22DC2DD218A0CAB600F2A6DB /* UIImageView+AFNetworking.h */ = {isa = PBXFileReference; fileEncoding = 4; lastKnownFileType = sourcecode.c.h; path = "UIImageView+AFNetworking.h"; sourceTree = "<group>"; };
		22DC2DD318A0CAB600F2A6DB /* UIImageView+AFNetworking.m */ = {isa = PBXFileReference; fileEncoding = 4; lastKnownFileType = sourcecode.c.objc; path = "UIImageView+AFNetworking.m"; sourceTree = "<group>"; };
		22DC2DD418A0CAB600F2A6DB /* UIKit+AFNetworking.h */ = {isa = PBXFileReference; fileEncoding = 4; lastKnownFileType = sourcecode.c.h; path = "UIKit+AFNetworking.h"; sourceTree = "<group>"; };
		22DC2DD518A0CAB600F2A6DB /* UIProgressView+AFNetworking.h */ = {isa = PBXFileReference; fileEncoding = 4; lastKnownFileType = sourcecode.c.h; path = "UIProgressView+AFNetworking.h"; sourceTree = "<group>"; };
		22DC2DD618A0CAB600F2A6DB /* UIProgressView+AFNetworking.m */ = {isa = PBXFileReference; fileEncoding = 4; lastKnownFileType = sourcecode.c.objc; path = "UIProgressView+AFNetworking.m"; sourceTree = "<group>"; };
		22DC2DD718A0CAB600F2A6DB /* UIWebView+AFNetworking.h */ = {isa = PBXFileReference; fileEncoding = 4; lastKnownFileType = sourcecode.c.h; path = "UIWebView+AFNetworking.h"; sourceTree = "<group>"; };
		22DC2DD818A0CAB600F2A6DB /* UIWebView+AFNetworking.m */ = {isa = PBXFileReference; fileEncoding = 4; lastKnownFileType = sourcecode.c.objc; path = "UIWebView+AFNetworking.m"; sourceTree = "<group>"; };
		22DC2DD918A0CAB600F2A6DB /* PGNetworkKit.xcodeproj */ = {isa = PBXFileReference; lastKnownFileType = "wrapper.pb-project"; path = PGNetworkKit.xcodeproj; sourceTree = "<group>"; };
/* End PBXFileReference section */

/* Begin PBXFrameworksBuildPhase section */
		22DC2C1418A0BE2B00F2A6DB /* Frameworks */ = {
			isa = PBXFrameworksBuildPhase;
			buildActionMask = 2147483647;
			files = (
				22DC2DFD18A0CAE800F2A6DB /* libPGNetworkKit.a in Frameworks */,
				22DC2C1D18A0BE2B00F2A6DB /* CoreGraphics.framework in Frameworks */,
				22DC2C1F18A0BE2B00F2A6DB /* UIKit.framework in Frameworks */,
				22DC2C1B18A0BE2B00F2A6DB /* Foundation.framework in Frameworks */,
			);
			runOnlyForDeploymentPostprocessing = 0;
		};
		22DC2C2F18A0BE2B00F2A6DB /* Frameworks */ = {
			isa = PBXFrameworksBuildPhase;
			buildActionMask = 2147483647;
			files = (
				22DC2C3418A0BE2B00F2A6DB /* XCTest.framework in Frameworks */,
				22DC2C3618A0BE2B00F2A6DB /* UIKit.framework in Frameworks */,
				22DC2C3518A0BE2B00F2A6DB /* Foundation.framework in Frameworks */,
			);
			runOnlyForDeploymentPostprocessing = 0;
		};
/* End PBXFrameworksBuildPhase section */

/* Begin PBXGroup section */
		222BEFBF18A130FF0056789F /* SearchDetails */ = {
			isa = PBXGroup;
			children = (
				222BEFC018A130FF0056789F /* SearchDetailsViewController.h */,
				222BEFC118A130FF0056789F /* SearchDetailsViewController.m */,
				222BEFC218A130FF0056789F /* SearchDetailsViewController.xib */,
			);
			path = SearchDetails;
			sourceTree = "<group>";
		};
		222BEFC518A131060056789F /* SearchList */ = {
			isa = PBXGroup;
			children = (
				222BEFC618A131060056789F /* SearchViewController.h */,
				222BEFC718A131060056789F /* SearchViewController.m */,
				222BEFC818A131060056789F /* SearchViewController.xib */,
			);
			path = SearchList;
			sourceTree = "<group>";
		};
		222BEFCB18A1310E0056789F /* WeatherBaseViewController */ = {
			isa = PBXGroup;
			children = (
				222BEFCC18A1310E0056789F /* WeatherSearchBaseViewController.h */,
				222BEFCD18A1310E0056789F /* WeatherSearchBaseViewController.m */,
				222BEFCE18A1310E0056789F /* WeatherSearchBaseViewController.xib */,
			);
			path = WeatherBaseViewController;
			sourceTree = "<group>";
		};
		222BEFD118A131160056789F /* AppDelegate */ = {
			isa = PBXGroup;
			children = (
				222BEFD218A131160056789F /* AppDelegate.h */,
				222BEFD318A131160056789F /* AppDelegate.m */,
			);
			path = AppDelegate;
			sourceTree = "<group>";
		};
		222BEFD518A149DE0056789F /* OCMock */ = {
			isa = PBXGroup;
			children = (
				222BEFD618A149DE0056789F /* InfoPlist.strings */,
				222BEFD818A149DE0056789F /* NSInvocation+OCMAdditions.h */,
				222BEFD918A149DE0056789F /* NSInvocation+OCMAdditions.m */,
				222BEFDA18A149DE0056789F /* NSMethodSignature+OCMAdditions.h */,
				222BEFDB18A149DE0056789F /* NSMethodSignature+OCMAdditions.m */,
				222BEFDC18A149DE0056789F /* NSNotificationCenter+OCMAdditions.h */,
				222BEFDD18A149DE0056789F /* NSNotificationCenter+OCMAdditions.m */,
				222BEFDE18A149DE0056789F /* NSObject+OCMAdditions.h */,
				222BEFDF18A149DE0056789F /* NSObject+OCMAdditions.m */,
				222BEFE018A149DE0056789F /* OCClassMockObject.h */,
				222BEFE118A149DE0056789F /* OCClassMockObject.m */,
				222BEFE218A149DE0056789F /* OCMArg.h */,
				222BEFE318A149DE0056789F /* OCMArg.m */,
				222BEFE418A149DE0056789F /* OCMBlockCaller.h */,
				222BEFE518A149DE0056789F /* OCMBlockCaller.m */,
				222BEFE618A149DE0056789F /* OCMBoxedReturnValueProvider.h */,
				222BEFE718A149DE0056789F /* OCMBoxedReturnValueProvider.m */,
				222BEFE818A149DE0056789F /* OCMConstraint.h */,
				222BEFE918A149DE0056789F /* OCMConstraint.m */,
				222BEFEA18A149DE0056789F /* OCMExceptionReturnValueProvider.h */,
				222BEFEB18A149DE0056789F /* OCMExceptionReturnValueProvider.m */,
				222BEFEC18A149DE0056789F /* OCMIndirectReturnValueProvider.h */,
				222BEFED18A149DE0056789F /* OCMIndirectReturnValueProvider.m */,
				222BEFEE18A149DE0056789F /* OCMNotificationPoster.h */,
				222BEFEF18A149DE0056789F /* OCMNotificationPoster.m */,
				222BEFF018A149DE0056789F /* OCMObserverRecorder.h */,
				222BEFF118A149DE0056789F /* OCMObserverRecorder.m */,
				222BEFF218A149DE0056789F /* OCMock-Info.plist */,
				222BEFF318A149DE0056789F /* OCMock-Prefix.pch */,
				222BEFF418A149DE0056789F /* OCMock.h */,
				222BEFF518A149DE0056789F /* OCMockObject.h */,
				222BEFF618A149DE0056789F /* OCMockObject.m */,
				222BEFF718A149DE0056789F /* OCMockRecorder.h */,
				222BEFF818A149DE0056789F /* OCMockRecorder.m */,
				222BEFF918A149DE0056789F /* OCMPassByRefSetter.h */,
				222BEFFA18A149DE0056789F /* OCMPassByRefSetter.m */,
				222BEFFB18A149DE0056789F /* OCMRealObjectForwarder.h */,
				222BEFFC18A149DE0056789F /* OCMRealObjectForwarder.m */,
				222BEFFD18A149DE0056789F /* OCMReturnValueProvider.h */,
				222BEFFE18A149DE0056789F /* OCMReturnValueProvider.m */,
				222BEFFF18A149DE0056789F /* OCObserverMockObject.h */,
				222BF00018A149DE0056789F /* OCObserverMockObject.m */,
				222BF00118A149DE0056789F /* OCPartialMockObject.h */,
				222BF00218A149DE0056789F /* OCPartialMockObject.m */,
				222BF00318A149DE0056789F /* OCPartialMockRecorder.h */,
				222BF00418A149DE0056789F /* OCPartialMockRecorder.m */,
				222BF00518A149DE0056789F /* OCProtocolMockObject.h */,
				222BF00618A149DE0056789F /* OCProtocolMockObject.m */,
			);
			path = OCMock;
			sourceTree = "<group>";
		};
		228E3FDF18A111C70043694B /* ThirdParty */ = {
			isa = PBXGroup;
			children = (
				222BEFD518A149DE0056789F /* OCMock */,
				228E401418A125850043694B /* EGOTableViewPullRefresh */,
				228E3FE018A111C70043694B /* SDWebImage */,
			);
			path = ThirdParty;
			sourceTree = "<group>";
		};
		228E3FE018A111C70043694B /* SDWebImage */ = {
			isa = PBXGroup;
			children = (
				228E3FE118A111C70043694B /* MKAnnotationView+WebCache.h */,
				228E3FE218A111C70043694B /* MKAnnotationView+WebCache.m */,
				228E3FE318A111C70043694B /* NSData+GIF.h */,
				228E3FE418A111C70043694B /* NSData+GIF.m */,
				228E3FE518A111C70043694B /* SDImageCache.h */,
				228E3FE618A111C70043694B /* SDImageCache.m */,
				228E3FE718A111C70043694B /* SDWebImageCompat.h */,
				228E3FE818A111C70043694B /* SDWebImageCompat.m */,
				228E3FE918A111C70043694B /* SDWebImageDecoder.h */,
				228E3FEA18A111C70043694B /* SDWebImageDecoder.m */,
				228E3FEB18A111C70043694B /* SDWebImageDownloader.h */,
				228E3FEC18A111C70043694B /* SDWebImageDownloader.m */,
				228E3FED18A111C70043694B /* SDWebImageDownloaderOperation.h */,
				228E3FEE18A111C70043694B /* SDWebImageDownloaderOperation.m */,
				228E3FEF18A111C70043694B /* SDWebImageManager.h */,
				228E3FF018A111C70043694B /* SDWebImageManager.m */,
				228E3FF118A111C70043694B /* SDWebImageOperation.h */,
				228E3FF218A111C70043694B /* SDWebImagePrefetcher.h */,
				228E3FF318A111C70043694B /* SDWebImagePrefetcher.m */,
				228E3FF418A111C70043694B /* UIButton+WebCache.h */,
				228E3FF518A111C70043694B /* UIButton+WebCache.m */,
				228E3FF618A111C70043694B /* UIImage+GIF.h */,
				228E3FF718A111C70043694B /* UIImage+GIF.m */,
				228E3FF818A111C70043694B /* UIImage+MultiFormat.h */,
				228E3FF918A111C70043694B /* UIImage+MultiFormat.m */,
				228E3FFA18A111C70043694B /* UIImage+WebP.h */,
				228E3FFB18A111C70043694B /* UIImage+WebP.m */,
				228E3FFC18A111C70043694B /* UIImageView+WebCache.h */,
				228E3FFD18A111C70043694B /* UIImageView+WebCache.m */,
			);
			path = SDWebImage;
			sourceTree = "<group>";
		};
		228E400D18A115770043694B /* DetailCell */ = {
			isa = PBXGroup;
			children = (
				228E400E18A115770043694B /* DetailCell.h */,
				228E400F18A115770043694B /* DetailCell.m */,
				228E401018A115770043694B /* DetailCell.xib */,
			);
			path = DetailCell;
			sourceTree = "<group>";
		};
		228E401418A125850043694B /* EGOTableViewPullRefresh */ = {
			isa = PBXGroup;
			children = (
				228E401518A125850043694B /* Classes */,
				228E401918A125850043694B /* Resources */,
			);
			path = EGOTableViewPullRefresh;
			sourceTree = "<group>";
		};
		228E401518A125850043694B /* Classes */ = {
			isa = PBXGroup;
			children = (
				228E401618A125850043694B /* View */,
			);
			path = Classes;
			sourceTree = "<group>";
		};
		228E401618A125850043694B /* View */ = {
			isa = PBXGroup;
			children = (
				228E401718A125850043694B /* EGORefreshTableHeaderView.h */,
				228E401818A125850043694B /* EGORefreshTableHeaderView.m */,
			);
			path = View;
			sourceTree = "<group>";
		};
		228E401918A125850043694B /* Resources */ = {
			isa = PBXGroup;
			children = (
				228E401A18A125850043694B /* blackArrow.png */,
				228E401B18A125850043694B /* blackArrow@2x.png */,
				228E401C18A125850043694B /* blueArrow.png */,
				228E401D18A125850043694B /* blueArrow@2x.png */,
				228E401E18A125850043694B /* grayArrow.png */,
				228E401F18A125850043694B /* grayArrow@2x.png */,
				228E402018A125850043694B /* whiteArrow.png */,
				228E402118A125850043694B /* whiteArrow@2x.png */,
			);
			path = Resources;
			sourceTree = "<group>";
		};
		22DC2C0E18A0BE2B00F2A6DB = {
			isa = PBXGroup;
			children = (
				22DC2C2018A0BE2B00F2A6DB /* CityWeather */,
				22DC2DAF18A0CAB600F2A6DB /* NetworkKit */,
				22DC2C3918A0BE2B00F2A6DB /* CityWeatherTests */,
				22DC2C1918A0BE2B00F2A6DB /* Frameworks */,
				22DC2C1818A0BE2B00F2A6DB /* Products */,
			);
			sourceTree = "<group>";
		};
		22DC2C1818A0BE2B00F2A6DB /* Products */ = {
			isa = PBXGroup;
			children = (
				22DC2C1718A0BE2B00F2A6DB /* CityWeather.app */,
				22DC2C3218A0BE2B00F2A6DB /* CityWeatherTests.xctest */,
			);
			name = Products;
			sourceTree = "<group>";
		};
		22DC2C1918A0BE2B00F2A6DB /* Frameworks */ = {
			isa = PBXGroup;
			children = (
				22DC2C1A18A0BE2B00F2A6DB /* Foundation.framework */,
				22DC2C1C18A0BE2B00F2A6DB /* CoreGraphics.framework */,
				22DC2C1E18A0BE2B00F2A6DB /* UIKit.framework */,
				22DC2C3318A0BE2B00F2A6DB /* XCTest.framework */,
			);
			name = Frameworks;
			sourceTree = "<group>";
		};
		22DC2C2018A0BE2B00F2A6DB /* CityWeather */ = {
			isa = PBXGroup;
			children = (
				222BEFD118A131160056789F /* AppDelegate */,
				222BEFCB18A1310E0056789F /* WeatherBaseViewController */,
				222BEFC518A131060056789F /* SearchList */,
				222BEFBF18A130FF0056789F /* SearchDetails */,
				228E400D18A115770043694B /* DetailCell */,
				22DC2D0318A0C57D00F2A6DB /* Utils */,
				22DC2CF818A0C3EF00F2A6DB /* NetworkManager */,
				22DC2C2118A0BE2B00F2A6DB /* Supporting Files */,
			);
			path = CityWeather;
			sourceTree = "<group>";
		};
		22DC2C2118A0BE2B00F2A6DB /* Supporting Files */ = {
			isa = PBXGroup;
			children = (
				22DC2C2218A0BE2B00F2A6DB /* CityWeather-Info.plist */,
				22DC2C2318A0BE2B00F2A6DB /* InfoPlist.strings */,
				22DC2C2618A0BE2B00F2A6DB /* main.m */,
				22DC2C2818A0BE2B00F2A6DB /* CityWeather-Prefix.pch */,
			);
			name = "Supporting Files";
			sourceTree = "<group>";
		};
		22DC2C3918A0BE2B00F2A6DB /* CityWeatherTests */ = {
			isa = PBXGroup;
			children = (
				22DC2C3F18A0BE2B00F2A6DB /* CityWeatherTests.m */,
				22DC2C3A18A0BE2B00F2A6DB /* Supporting Files */,
			);
			path = CityWeatherTests;
			sourceTree = "<group>";
		};
		22DC2C3A18A0BE2B00F2A6DB /* Supporting Files */ = {
			isa = PBXGroup;
			children = (
				22DC2C3B18A0BE2B00F2A6DB /* CityWeatherTests-Info.plist */,
				22DC2C3C18A0BE2B00F2A6DB /* InfoPlist.strings */,
			);
			name = "Supporting Files";
			sourceTree = "<group>";
		};
		22DC2CF818A0C3EF00F2A6DB /* NetworkManager */ = {
			isa = PBXGroup;
			children = (
				22DC2CF918A0C3EF00F2A6DB /* PGWebServiceInterface.h */,
				22DC2CFA18A0C3EF00F2A6DB /* PGWebServiceManager.h */,
				22DC2CFB18A0C3EF00F2A6DB /* PGWebServiceManager.m */,
				22DC2CFC18A0C3EF00F2A6DB /* PGWebServiceRequest.h */,
				22DC2CFD18A0C3EF00F2A6DB /* PGWebServiceRequest.m */,
				22DC2CFE18A0C3EF00F2A6DB /* PGWebServiceResponse.h */,
				22DC2CFF18A0C3EF00F2A6DB /* PGWebServiceResponse.m */,
			);
			path = NetworkManager;
			sourceTree = "<group>";
		};
		22DC2D0318A0C57D00F2A6DB /* Utils */ = {
			isa = PBXGroup;
			children = (
				228E3FDF18A111C70043694B /* ThirdParty */,
				22DC2D0418A0C57D00F2A6DB /* NSDictionary+JSON.h */,
				22DC2D0518A0C57D00F2A6DB /* NSDictionary+JSON.m */,
				2250296418A0D7C300C6D368 /* Helper.h */,
				2250296518A0D7C300C6D368 /* Helper.m */,
				2250296718A0DD6200C6D368 /* NSArray+Search.h */,
				2250296818A0DD6200C6D368 /* NSArray+Search.m */,
				228E3FDB18A105720043694B /* constant.h */,
			);
			path = Utils;
			sourceTree = "<group>";
		};
		22DC2DAF18A0CAB600F2A6DB /* NetworkKit */ = {
			isa = PBXGroup;
			children = (
				22DC2DB018A0CAB600F2A6DB /* PGNetworkKit */,
				22DC2DD918A0CAB600F2A6DB /* PGNetworkKit.xcodeproj */,
			);
			name = NetworkKit;
			path = CityWeather/NetworkKit;
			sourceTree = "<group>";
		};
		22DC2DB018A0CAB600F2A6DB /* PGNetworkKit */ = {
			isa = PBXGroup;
			children = (
				22DC2DB118A0CAB600F2A6DB /* AFNetworking */,
				22DC2DC518A0CAB600F2A6DB /* PGNetworkKit-Prefix.pch */,
				22DC2DC618A0CAB600F2A6DB /* PGNetworkKit.h */,
				22DC2DC718A0CAB600F2A6DB /* PGNetworkKit.m */,
				22DC2DC818A0CAB600F2A6DB /* PGNetworkKitConstant.h */,
				22DC2DC918A0CAB600F2A6DB /* UIKit+AFNetworking */,
			);
			path = PGNetworkKit;
			sourceTree = "<group>";
		};
		22DC2DB118A0CAB600F2A6DB /* AFNetworking */ = {
			isa = PBXGroup;
			children = (
				22DC2DB218A0CAB600F2A6DB /* AFHTTPRequestOperation.h */,
				22DC2DB318A0CAB600F2A6DB /* AFHTTPRequestOperation.m */,
				22DC2DB418A0CAB600F2A6DB /* AFHTTPRequestOperationManager.h */,
				22DC2DB518A0CAB600F2A6DB /* AFHTTPRequestOperationManager.m */,
				22DC2DB618A0CAB600F2A6DB /* AFHTTPSessionManager.h */,
				22DC2DB718A0CAB600F2A6DB /* AFHTTPSessionManager.m */,
				22DC2DB818A0CAB600F2A6DB /* AFNetworking.h */,
				22DC2DB918A0CAB600F2A6DB /* AFNetworkReachabilityManager.h */,
				22DC2DBA18A0CAB600F2A6DB /* AFNetworkReachabilityManager.m */,
				22DC2DBB18A0CAB600F2A6DB /* AFSecurityPolicy.h */,
				22DC2DBC18A0CAB600F2A6DB /* AFSecurityPolicy.m */,
				22DC2DBD18A0CAB600F2A6DB /* AFURLConnectionOperation.h */,
				22DC2DBE18A0CAB600F2A6DB /* AFURLConnectionOperation.m */,
				22DC2DBF18A0CAB600F2A6DB /* AFURLRequestSerialization.h */,
				22DC2DC018A0CAB600F2A6DB /* AFURLRequestSerialization.m */,
				22DC2DC118A0CAB600F2A6DB /* AFURLResponseSerialization.h */,
				22DC2DC218A0CAB600F2A6DB /* AFURLResponseSerialization.m */,
				22DC2DC318A0CAB600F2A6DB /* AFURLSessionManager.h */,
				22DC2DC418A0CAB600F2A6DB /* AFURLSessionManager.m */,
			);
			path = AFNetworking;
			sourceTree = "<group>";
		};
		22DC2DC918A0CAB600F2A6DB /* UIKit+AFNetworking */ = {
			isa = PBXGroup;
			children = (
				22DC2DCA18A0CAB600F2A6DB /* AFNetworkActivityIndicatorManager.h */,
				22DC2DCB18A0CAB600F2A6DB /* AFNetworkActivityIndicatorManager.m */,
				22DC2DCC18A0CAB600F2A6DB /* UIActivityIndicatorView+AFNetworking.h */,
				22DC2DCD18A0CAB600F2A6DB /* UIActivityIndicatorView+AFNetworking.m */,
				22DC2DCE18A0CAB600F2A6DB /* UIAlertView+AFNetworking.h */,
				22DC2DCF18A0CAB600F2A6DB /* UIAlertView+AFNetworking.m */,
				22DC2DD018A0CAB600F2A6DB /* UIButton+AFNetworking.h */,
				22DC2DD118A0CAB600F2A6DB /* UIButton+AFNetworking.m */,
				22DC2DD218A0CAB600F2A6DB /* UIImageView+AFNetworking.h */,
				22DC2DD318A0CAB600F2A6DB /* UIImageView+AFNetworking.m */,
				22DC2DD418A0CAB600F2A6DB /* UIKit+AFNetworking.h */,
				22DC2DD518A0CAB600F2A6DB /* UIProgressView+AFNetworking.h */,
				22DC2DD618A0CAB600F2A6DB /* UIProgressView+AFNetworking.m */,
				22DC2DD718A0CAB600F2A6DB /* UIWebView+AFNetworking.h */,
				22DC2DD818A0CAB600F2A6DB /* UIWebView+AFNetworking.m */,
			);
			path = "UIKit+AFNetworking";
			sourceTree = "<group>";
		};
		22DC2DDA18A0CAB600F2A6DB /* Products */ = {
			isa = PBXGroup;
			children = (
				22DC2DF818A0CAB600F2A6DB /* libPGNetworkKit.a */,
				22DC2DFA18A0CAB600F2A6DB /* PGNetworkKitTests.xctest */,
			);
			name = Products;
			sourceTree = "<group>";
		};
/* End PBXGroup section */

/* Begin PBXNativeTarget section */
		22DC2C1618A0BE2B00F2A6DB /* CityWeather */ = {
			isa = PBXNativeTarget;
			buildConfigurationList = 22DC2C4318A0BE2B00F2A6DB /* Build configuration list for PBXNativeTarget "CityWeather" */;
			buildPhases = (
				22DC2C1318A0BE2B00F2A6DB /* Sources */,
				22DC2C1418A0BE2B00F2A6DB /* Frameworks */,
				22DC2C1518A0BE2B00F2A6DB /* Resources */,
			);
			buildRules = (
			);
			dependencies = (
				22DC2DFC18A0CAE300F2A6DB /* PBXTargetDependency */,
			);
			name = CityWeather;
			productName = CityWeather;
			productReference = 22DC2C1718A0BE2B00F2A6DB /* CityWeather.app */;
			productType = "com.apple.product-type.application";
		};
		22DC2C3118A0BE2B00F2A6DB /* CityWeatherTests */ = {
			isa = PBXNativeTarget;
			buildConfigurationList = 22DC2C4618A0BE2B00F2A6DB /* Build configuration list for PBXNativeTarget "CityWeatherTests" */;
			buildPhases = (
				22DC2C2E18A0BE2B00F2A6DB /* Sources */,
				22DC2C2F18A0BE2B00F2A6DB /* Frameworks */,
				22DC2C3018A0BE2B00F2A6DB /* Resources */,
			);
			buildRules = (
			);
			dependencies = (
				22DC2C3818A0BE2B00F2A6DB /* PBXTargetDependency */,
			);
			name = CityWeatherTests;
			productName = CityWeatherTests;
			productReference = 22DC2C3218A0BE2B00F2A6DB /* CityWeatherTests.xctest */;
			productType = "com.apple.product-type.bundle.unit-test";
		};
/* End PBXNativeTarget section */

/* Begin PBXProject section */
		22DC2C0F18A0BE2B00F2A6DB /* Project object */ = {
			isa = PBXProject;
			attributes = {
				LastUpgradeCheck = 0500;
				ORGANIZATIONNAME = propertyguru;
				TargetAttributes = {
					22DC2C3118A0BE2B00F2A6DB = {
						TestTargetID = 22DC2C1618A0BE2B00F2A6DB;
					};
				};
			};
			buildConfigurationList = 22DC2C1218A0BE2B00F2A6DB /* Build configuration list for PBXProject "CityWeather" */;
			compatibilityVersion = "Xcode 3.2";
			developmentRegion = English;
			hasScannedForEncodings = 0;
			knownRegions = (
				en,
			);
			mainGroup = 22DC2C0E18A0BE2B00F2A6DB;
			productRefGroup = 22DC2C1818A0BE2B00F2A6DB /* Products */;
			projectDirPath = "";
			projectReferences = (
				{
					ProductGroup = 22DC2DDA18A0CAB600F2A6DB /* Products */;
					ProjectRef = 22DC2DD918A0CAB600F2A6DB /* PGNetworkKit.xcodeproj */;
				},
			);
			projectRoot = "";
			targets = (
				22DC2C1618A0BE2B00F2A6DB /* CityWeather */,
				22DC2C3118A0BE2B00F2A6DB /* CityWeatherTests */,
			);
		};
/* End PBXProject section */

/* Begin PBXReferenceProxy section */
		22DC2DF818A0CAB600F2A6DB /* libPGNetworkKit.a */ = {
			isa = PBXReferenceProxy;
			fileType = archive.ar;
			path = libPGNetworkKit.a;
			remoteRef = 22DC2DF718A0CAB600F2A6DB /* PBXContainerItemProxy */;
			sourceTree = BUILT_PRODUCTS_DIR;
		};
		22DC2DFA18A0CAB600F2A6DB /* PGNetworkKitTests.xctest */ = {
			isa = PBXReferenceProxy;
			fileType = wrapper.cfbundle;
			path = PGNetworkKitTests.xctest;
			remoteRef = 22DC2DF918A0CAB600F2A6DB /* PBXContainerItemProxy */;
			sourceTree = BUILT_PRODUCTS_DIR;
		};
/* End PBXReferenceProxy section */

/* Begin PBXResourcesBuildPhase section */
		22DC2C1518A0BE2B00F2A6DB /* Resources */ = {
			isa = PBXResourcesBuildPhase;
			buildActionMask = 2147483647;
			files = (
				22DC2C2518A0BE2B00F2A6DB /* InfoPlist.strings in Resources */,
				222BF00718A149DE0056789F /* InfoPlist.strings in Resources */,
				222BEFD018A1310E0056789F /* WeatherSearchBaseViewController.xib in Resources */,
				228E402618A125850043694B /* blueArrow@2x.png in Resources */,
				228E402918A125850043694B /* whiteArrow.png in Resources */,
				228E402818A125850043694B /* grayArrow@2x.png in Resources */,
				228E402518A125850043694B /* blueArrow.png in Resources */,
				228E402718A125850043694B /* grayArrow.png in Resources */,
				222BEFC418A130FF0056789F /* SearchDetailsViewController.xib in Resources */,
				228E402318A125850043694B /* blackArrow.png in Resources */,
				228E402418A125850043694B /* blackArrow@2x.png in Resources */,
				222BF01518A149DE0056789F /* OCMock-Info.plist in Resources */,
				228E402A18A125850043694B /* whiteArrow@2x.png in Resources */,
				228E401218A115770043694B /* DetailCell.xib in Resources */,
				222BEFCA18A131060056789F /* SearchViewController.xib in Resources */,
			);
			runOnlyForDeploymentPostprocessing = 0;
		};
		22DC2C3018A0BE2B00F2A6DB /* Resources */ = {
			isa = PBXResourcesBuildPhase;
			buildActionMask = 2147483647;
			files = (
				22DC2C3E18A0BE2B00F2A6DB /* InfoPlist.strings in Resources */,
			);
			runOnlyForDeploymentPostprocessing = 0;
		};
/* End PBXResourcesBuildPhase section */

/* Begin PBXSourcesBuildPhase section */
		22DC2C1318A0BE2B00F2A6DB /* Sources */ = {
			isa = PBXSourcesBuildPhase;
			buildActionMask = 2147483647;
			files = (
				222BF01118A149DE0056789F /* OCMExceptionReturnValueProvider.m in Sources */,
				22DC2D0218A0C3EF00F2A6DB /* PGWebServiceResponse.m in Sources */,
				222BF01E18A149DE0056789F /* OCProtocolMockObject.m in Sources */,
				228E400A18A111C70043694B /* UIImage+WebP.m in Sources */,
				222BEFCF18A1310E0056789F /* WeatherSearchBaseViewController.m in Sources */,
				222BF01A18A149DE0056789F /* OCMReturnValueProvider.m in Sources */,
				228E400718A111C70043694B /* UIButton+WebCache.m in Sources */,
				228E400418A111C70043694B /* SDWebImageDownloaderOperation.m in Sources */,
				222BF00F18A149DE0056789F /* OCMBoxedReturnValueProvider.m in Sources */,
				228E401118A115770043694B /* DetailCell.m in Sources */,
				228E400018A111C70043694B /* SDImageCache.m in Sources */,
				2250296918A0DD6200C6D368 /* NSArray+Search.m in Sources */,
				222BEFC318A130FF0056789F /* SearchDetailsViewController.m in Sources */,
				222BF00E18A149DE0056789F /* OCMBlockCaller.m in Sources */,
				22DC2D0618A0C57D00F2A6DB /* NSDictionary+JSON.m in Sources */,
				222BF01318A149DE0056789F /* OCMNotificationPoster.m in Sources */,
				228E400218A111C70043694B /* SDWebImageDecoder.m in Sources */,
				228E402218A125850043694B /* EGORefreshTableHeaderView.m in Sources */,
				22DC2DEA18A0CAB600F2A6DB /* PGNetworkKit.m in Sources */,
				228E400318A111C70043694B /* SDWebImageDownloader.m in Sources */,
				222BF00D18A149DE0056789F /* OCMArg.m in Sources */,
				222BF01418A149DE0056789F /* OCMObserverRecorder.m in Sources */,
				222BF00A18A149DE0056789F /* NSNotificationCenter+OCMAdditions.m in Sources */,
				222BF00C18A149DE0056789F /* OCClassMockObject.m in Sources */,
				222BF00918A149DE0056789F /* NSMethodSignature+OCMAdditions.m in Sources */,
				228E400B18A111C70043694B /* UIImageView+WebCache.m in Sources */,
				222BEFC918A131060056789F /* SearchViewController.m in Sources */,
				228E400118A111C70043694B /* SDWebImageCompat.m in Sources */,
				222BF00B18A149DE0056789F /* NSObject+OCMAdditions.m in Sources */,
				222BF01218A149DE0056789F /* OCMIndirectReturnValueProvider.m in Sources */,
				22DC2D0018A0C3EF00F2A6DB /* PGWebServiceManager.m in Sources */,
				228E400818A111C70043694B /* UIImage+GIF.m in Sources */,
				228E400918A111C70043694B /* UIImage+MultiFormat.m in Sources */,
				222BF01D18A149DE0056789F /* OCPartialMockRecorder.m in Sources */,
				222BF01C18A149DE0056789F /* OCPartialMockObject.m in Sources */,
				222BEFD418A131160056789F /* AppDelegate.m in Sources */,
				222BF01918A149DE0056789F /* OCMRealObjectForwarder.m in Sources */,
				222BF01618A149DE0056789F /* OCMockObject.m in Sources */,
				2250296618A0D7C300C6D368 /* Helper.m in Sources */,
				228E400618A111C70043694B /* SDWebImagePrefetcher.m in Sources */,
				228E3FFE18A111C70043694B /* MKAnnotationView+WebCache.m in Sources */,
				228E3FFF18A111C70043694B /* NSData+GIF.m in Sources */,
				222BF01018A149DE0056789F /* OCMConstraint.m in Sources */,
				228E400518A111C70043694B /* SDWebImageManager.m in Sources */,
				22DC2D0118A0C3EF00F2A6DB /* PGWebServiceRequest.m in Sources */,
				222BF01818A149DE0056789F /* OCMPassByRefSetter.m in Sources */,
				222BF01B18A149DE0056789F /* OCObserverMockObject.m in Sources */,
				222BF00818A149DE0056789F /* NSInvocation+OCMAdditions.m in Sources */,
				22DC2C2718A0BE2B00F2A6DB /* main.m in Sources */,
				222BF01718A149DE0056789F /* OCMockRecorder.m in Sources */,
			);
			runOnlyForDeploymentPostprocessing = 0;
		};
		22DC2C2E18A0BE2B00F2A6DB /* Sources */ = {
			isa = PBXSourcesBuildPhase;
			buildActionMask = 2147483647;
			files = (
				22DC2C4018A0BE2B00F2A6DB /* CityWeatherTests.m in Sources */,
			);
			runOnlyForDeploymentPostprocessing = 0;
		};
/* End PBXSourcesBuildPhase section */

/* Begin PBXTargetDependency section */
		22DC2C3818A0BE2B00F2A6DB /* PBXTargetDependency */ = {
			isa = PBXTargetDependency;
			target = 22DC2C1618A0BE2B00F2A6DB /* CityWeather */;
			targetProxy = 22DC2C3718A0BE2B00F2A6DB /* PBXContainerItemProxy */;
		};
		22DC2DFC18A0CAE300F2A6DB /* PBXTargetDependency */ = {
			isa = PBXTargetDependency;
			name = PGNetworkKit;
			targetProxy = 22DC2DFB18A0CAE300F2A6DB /* PBXContainerItemProxy */;
		};
/* End PBXTargetDependency section */

/* Begin PBXVariantGroup section */
		222BEFD618A149DE0056789F /* InfoPlist.strings */ = {
			isa = PBXVariantGroup;
			children = (
				222BEFD718A149DE0056789F /* en */,
			);
			name = InfoPlist.strings;
			sourceTree = "<group>";
		};
		22DC2C2318A0BE2B00F2A6DB /* InfoPlist.strings */ = {
			isa = PBXVariantGroup;
			children = (
				22DC2C2418A0BE2B00F2A6DB /* en */,
			);
			name = InfoPlist.strings;
			sourceTree = "<group>";
		};
		22DC2C3C18A0BE2B00F2A6DB /* InfoPlist.strings */ = {
			isa = PBXVariantGroup;
			children = (
				22DC2C3D18A0BE2B00F2A6DB /* en */,
			);
			name = InfoPlist.strings;
			sourceTree = "<group>";
		};
/* End PBXVariantGroup section */

/* Begin XCBuildConfiguration section */
		22DC2C4118A0BE2B00F2A6DB /* Debug */ = {
			isa = XCBuildConfiguration;
			buildSettings = {
				ALWAYS_SEARCH_USER_PATHS = NO;
				ARCHS = "$(ARCHS_STANDARD_INCLUDING_64_BIT)";
				CLANG_CXX_LANGUAGE_STANDARD = "gnu++0x";
				CLANG_CXX_LIBRARY = "libc++";
				CLANG_ENABLE_MODULES = YES;
				CLANG_ENABLE_OBJC_ARC = YES;
				CLANG_WARN_BOOL_CONVERSION = YES;
				CLANG_WARN_CONSTANT_CONVERSION = YES;
				CLANG_WARN_DIRECT_OBJC_ISA_USAGE = YES_ERROR;
				CLANG_WARN_EMPTY_BODY = YES;
				CLANG_WARN_ENUM_CONVERSION = YES;
				CLANG_WARN_INT_CONVERSION = YES;
				CLANG_WARN_OBJC_ROOT_CLASS = YES_ERROR;
				CLANG_WARN__DUPLICATE_METHOD_MATCH = YES;
				"CODE_SIGN_IDENTITY[sdk=iphoneos*]" = "iPhone Developer";
				COPY_PHASE_STRIP = NO;
				GCC_C_LANGUAGE_STANDARD = gnu99;
				GCC_DYNAMIC_NO_PIC = NO;
				GCC_OPTIMIZATION_LEVEL = 0;
				GCC_PREPROCESSOR_DEFINITIONS = (
					"DEBUG=1",
					"$(inherited)",
				);
				GCC_SYMBOLS_PRIVATE_EXTERN = NO;
				GCC_WARN_64_TO_32_BIT_CONVERSION = YES;
				GCC_WARN_ABOUT_RETURN_TYPE = YES_ERROR;
				GCC_WARN_UNDECLARED_SELECTOR = YES;
				GCC_WARN_UNINITIALIZED_AUTOS = YES;
				GCC_WARN_UNUSED_FUNCTION = YES;
				GCC_WARN_UNUSED_VARIABLE = YES;
				IPHONEOS_DEPLOYMENT_TARGET = 7.0;
				ONLY_ACTIVE_ARCH = YES;
				SDKROOT = iphoneos;
				TARGETED_DEVICE_FAMILY = "1,2";
			};
			name = Debug;
		};
		22DC2C4218A0BE2B00F2A6DB /* Release */ = {
			isa = XCBuildConfiguration;
			buildSettings = {
				ALWAYS_SEARCH_USER_PATHS = NO;
				ARCHS = "$(ARCHS_STANDARD_INCLUDING_64_BIT)";
				CLANG_CXX_LANGUAGE_STANDARD = "gnu++0x";
				CLANG_CXX_LIBRARY = "libc++";
				CLANG_ENABLE_MODULES = YES;
				CLANG_ENABLE_OBJC_ARC = YES;
				CLANG_WARN_BOOL_CONVERSION = YES;
				CLANG_WARN_CONSTANT_CONVERSION = YES;
				CLANG_WARN_DIRECT_OBJC_ISA_USAGE = YES_ERROR;
				CLANG_WARN_EMPTY_BODY = YES;
				CLANG_WARN_ENUM_CONVERSION = YES;
				CLANG_WARN_INT_CONVERSION = YES;
				CLANG_WARN_OBJC_ROOT_CLASS = YES_ERROR;
				CLANG_WARN__DUPLICATE_METHOD_MATCH = YES;
				"CODE_SIGN_IDENTITY[sdk=iphoneos*]" = "iPhone Developer";
				COPY_PHASE_STRIP = YES;
				ENABLE_NS_ASSERTIONS = NO;
				GCC_C_LANGUAGE_STANDARD = gnu99;
				GCC_WARN_64_TO_32_BIT_CONVERSION = YES;
				GCC_WARN_ABOUT_RETURN_TYPE = YES_ERROR;
				GCC_WARN_UNDECLARED_SELECTOR = YES;
				GCC_WARN_UNINITIALIZED_AUTOS = YES;
				GCC_WARN_UNUSED_FUNCTION = YES;
				GCC_WARN_UNUSED_VARIABLE = YES;
				IPHONEOS_DEPLOYMENT_TARGET = 7.0;
				SDKROOT = iphoneos;
				TARGETED_DEVICE_FAMILY = "1,2";
				VALIDATE_PRODUCT = YES;
			};
			name = Release;
		};
		22DC2C4418A0BE2B00F2A6DB /* Debug */ = {
			isa = XCBuildConfiguration;
			buildSettings = {
				ASSETCATALOG_COMPILER_APPICON_NAME = AppIcon;
				ASSETCATALOG_COMPILER_LAUNCHIMAGE_NAME = LaunchImage;
				GCC_PRECOMPILE_PREFIX_HEADER = YES;
				GCC_PREFIX_HEADER = "CityWeather/CityWeather-Prefix.pch";
				INFOPLIST_FILE = "CityWeather/CityWeather-Info.plist";
				PRODUCT_NAME = "$(TARGET_NAME)";
				WRAPPER_EXTENSION = app;
			};
			name = Debug;
		};
		22DC2C4518A0BE2B00F2A6DB /* Release */ = {
			isa = XCBuildConfiguration;
			buildSettings = {
				ASSETCATALOG_COMPILER_APPICON_NAME = AppIcon;
				ASSETCATALOG_COMPILER_LAUNCHIMAGE_NAME = LaunchImage;
				GCC_PRECOMPILE_PREFIX_HEADER = YES;
				GCC_PREFIX_HEADER = "CityWeather/CityWeather-Prefix.pch";
				INFOPLIST_FILE = "CityWeather/CityWeather-Info.plist";
				PRODUCT_NAME = "$(TARGET_NAME)";
				WRAPPER_EXTENSION = app;
			};
			name = Release;
		};
		22DC2C4718A0BE2B00F2A6DB /* Debug */ = {
			isa = XCBuildConfiguration;
			buildSettings = {
				ARCHS = "$(ARCHS_STANDARD_INCLUDING_64_BIT)";
				BUNDLE_LOADER = "$(BUILT_PRODUCTS_DIR)/CityWeather.app/CityWeather";
				FRAMEWORK_SEARCH_PATHS = (
					"$(SDKROOT)/Developer/Library/Frameworks",
					"$(inherited)",
					"$(DEVELOPER_FRAMEWORKS_DIR)",
				);
				GCC_PRECOMPILE_PREFIX_HEADER = YES;
				GCC_PREFIX_HEADER = "CityWeather/CityWeather-Prefix.pch";
				GCC_PREPROCESSOR_DEFINITIONS = (
					"DEBUG=1",
					"$(inherited)",
				);
				INFOPLIST_FILE = "CityWeatherTests/CityWeatherTests-Info.plist";
				PRODUCT_NAME = "$(TARGET_NAME)";
				TEST_HOST = "$(BUNDLE_LOADER)";
				WRAPPER_EXTENSION = xctest;
			};
			name = Debug;
		};
		22DC2C4818A0BE2B00F2A6DB /* Release */ = {
			isa = XCBuildConfiguration;
			buildSettings = {
				ARCHS = "$(ARCHS_STANDARD_INCLUDING_64_BIT)";
				BUNDLE_LOADER = "$(BUILT_PRODUCTS_DIR)/CityWeather.app/CityWeather";
				FRAMEWORK_SEARCH_PATHS = (
					"$(SDKROOT)/Developer/Library/Frameworks",
					"$(inherited)",
					"$(DEVELOPER_FRAMEWORKS_DIR)",
				);
				GCC_PRECOMPILE_PREFIX_HEADER = YES;
				GCC_PREFIX_HEADER = "CityWeather/CityWeather-Prefix.pch";
				INFOPLIST_FILE = "CityWeatherTests/CityWeatherTests-Info.plist";
				PRODUCT_NAME = "$(TARGET_NAME)";
				TEST_HOST = "$(BUNDLE_LOADER)";
				WRAPPER_EXTENSION = xctest;
			};
			name = Release;
		};
/* End XCBuildConfiguration section */

/* Begin XCConfigurationList section */
		22DC2C1218A0BE2B00F2A6DB /* Build configuration list for PBXProject "CityWeather" */ = {
			isa = XCConfigurationList;
			buildConfigurations = (
				22DC2C4118A0BE2B00F2A6DB /* Debug */,
				22DC2C4218A0BE2B00F2A6DB /* Release */,
			);
			defaultConfigurationIsVisible = 0;
			defaultConfigurationName = Release;
		};
		22DC2C4318A0BE2B00F2A6DB /* Build configuration list for PBXNativeTarget "CityWeather" */ = {
			isa = XCConfigurationList;
			buildConfigurations = (
				22DC2C4418A0BE2B00F2A6DB /* Debug */,
				22DC2C4518A0BE2B00F2A6DB /* Release */,
			);
			defaultConfigurationIsVisible = 0;
			defaultConfigurationName = Release;
		};
		22DC2C4618A0BE2B00F2A6DB /* Build configuration list for PBXNativeTarget "CityWeatherTests" */ = {
			isa = XCConfigurationList;
			buildConfigurations = (
				22DC2C4718A0BE2B00F2A6DB /* Debug */,
				22DC2C4818A0BE2B00F2A6DB /* Release */,
			);
			defaultConfigurationIsVisible = 0;
			defaultConfigurationName = Release;
		};
/* End XCConfigurationList section */
	};
	rootObject = 22DC2C0F18A0BE2B00F2A6DB /* Project object */;
}
